
Microsoft Visual Studio Solution File, Format Version 12.00
# Visual Studio 15
VisualStudioVersion = 15.0.27703.2000
MinimumVisualStudioVersion = 10.0.40219.1
Project("{8BC9CEB8-8B4A-11D0-8D11-00A0C91BC942}") = "2557. Hello World", "2557. Hello World\2557. Hello World.vcxproj", "{7F161108-B13D-4846-BAA3-80B5DC55DAA1}"
EndProject
Project("{8BC9CEB8-8B4A-11D0-8D11-00A0C91BC942}") = "10000.  A+B", "10000.  A+B\10000.  A+B.vcxproj", "{3FF124A8-0547-464D-9FE9-037BFE97478E}"
EndProject
Project("{8BC9CEB8-8B4A-11D0-8D11-00A0C91BC942}") = "10001. A-B", "10001. A-B\10001. A-B.vcxproj", "{C3B50E94-308D-4BA0-B888-50BD4337D9FB}"
EndProject
Project("{8BC9CEB8-8B4A-11D0-8D11-00A0C91BC942}") = "7287. 등록", "7287. 등록\7287. 등록.vcxproj", "{8664E4CC-63DA-4EB1-B5B3-B6D9687B627E}"
EndProject
Project("{8BC9CEB8-8B4A-11D0-8D11-00A0C91BC942}") = "10172. 개", "10172. 개\10172. 개.vcxproj", "{7BA85702-CB21-4E3B-B9FA-BFE883734AA2}"
EndProject
Project("{8BC9CEB8-8B4A-11D0-8D11-00A0C91BC942}") = "10718. We love kriii", "10718. We love kriii\10718. We love kriii.vcxproj", "{6E382D08-4AE5-41FF-8C19-83AAF103B234}"
EndProject
Project("{8BC9CEB8-8B4A-11D0-8D11-00A0C91BC942}") = "11718. 그대로 출력하기", "11718. 그대로 출력하기\11718. 그대로 출력하기.vcxproj", "{BD887C50-02C2-4505-9373-EA8F90396C8F}"
EndProject
Project("{8BC9CEB8-8B4A-11D0-8D11-00A0C91BC942}") = "11719. 그대로 출력하기 2", "11719. 그대로 출력하기 2\11719. 그대로 출력하기 2.vcxproj", "{B7162A78-020F-4CCD-99E9-79A95A7ED33B}"
EndProject
Project("{8BC9CEB8-8B4A-11D0-8D11-00A0C91BC942}") = "10998. A×B", "10998. A×B\10998. A×B.vcxproj", "{77D6858C-DF8F-4DFB-9409-51BC6A0C82CD}"
EndProject
Project("{8BC9CEB8-8B4A-11D0-8D11-00A0C91BC942}") = "1008. A／B", "1008. A／B\1008. A／B.vcxproj", "{2DA0D986-63EA-4200-B5A0-61385EA49907}"
EndProject
Project("{8BC9CEB8-8B4A-11D0-8D11-00A0C91BC942}") = "10869. 사칙연산", "10869. 사칙연산\10869. 사칙연산.vcxproj", "{C8992DA3-0DEE-40D7-8AE2-5F55901F3938}"
EndProject
Project("{8BC9CEB8-8B4A-11D0-8D11-00A0C91BC942}") = "10430. 나머지", "10430. 나머지\10430. 나머지.vcxproj", "{328A475C-FDB9-4F92-8B34-3A3279204888}"
EndProject
Project("{8BC9CEB8-8B4A-11D0-8D11-00A0C91BC942}") = "2558. A+B - 2", "2558. A+B - 2\2558. A+B - 2.vcxproj", "{2D59F435-AFB9-48BF-ABC8-0ED211F88AFB}"
EndProject
Project("{8BC9CEB8-8B4A-11D0-8D11-00A0C91BC942}") = "2839. 설탕 배달", "2839. 설탕 배달\2839. 설탕 배달.vcxproj", "{F0943920-1CEA-41AD-BDE4-48BCB73F8847}"
EndProject
Project("{8BC9CEB8-8B4A-11D0-8D11-00A0C91BC942}") = "2741. N 찍기", "2741. N 찍기\2741. N 찍기.vcxproj", "{B0459062-CD29-49C9-923F-A73A35B0D640}"
EndProject
Project("{8BC9CEB8-8B4A-11D0-8D11-00A0C91BC942}") = "2742. 기찍 N", "2742. 기찍 N\2742. 기찍 N.vcxproj", "{996A98B9-11C5-4EB1-8D64-3E35EE4133C7}"
EndProject
Project("{8BC9CEB8-8B4A-11D0-8D11-00A0C91BC942}") = "2739. 구구단", "2739. 구구단\2739. 구구단.vcxproj", "{6ACEAC6F-E70A-4B52-A364-E6CCC4F511EE}"
EndProject
Project("{8BC9CEB8-8B4A-11D0-8D11-00A0C91BC942}") = "2438. 별찍기 - 1", "2438. 별찍기 - 1\2438. 별찍기 - 1.vcxproj", "{2C7C6F31-874B-4950-A972-FF9FAC807E66}"
EndProject
Project("{8BC9CEB8-8B4A-11D0-8D11-00A0C91BC942}") = "2439. 별찍기 - 2", "2439. 별찍기 - 2\2439. 별찍기 - 2.vcxproj", "{51C9FC7A-5A9A-4C08-8D61-270A1CF31490}"
EndProject
Project("{8BC9CEB8-8B4A-11D0-8D11-00A0C91BC942}") = "2440. 별찍기 - 3", "2440. 별찍기 - 3\2440. 별찍기 - 3.vcxproj", "{621C5EEC-9BAA-4E1C-827A-50BDA6B61F0B}"
EndProject
Project("{8BC9CEB8-8B4A-11D0-8D11-00A0C91BC942}") = "2441. 별찍기 - 4", "2441. 별찍기 - 4\2441. 별찍기 - 4.vcxproj", "{0E860244-9C9B-4DBD-AEF1-3CE29196316A}"
EndProject
Project("{8BC9CEB8-8B4A-11D0-8D11-00A0C91BC942}") = "1924. 2007년", "1924. 2007년\1924. 2007년.vcxproj", "{65CD1327-EF1B-4D92-9818-CE616AE31436}"
EndProject
Project("{8BC9CEB8-8B4A-11D0-8D11-00A0C91BC942}") = "8393. 합", "8393. 합\8393. 합.vcxproj", "{5DC79E5F-C3D4-4862-AF22-CF8E944B8ACE}"
EndProject
Project("{8BC9CEB8-8B4A-11D0-8D11-00A0C91BC942}") = "11720. 숫자의 합", "11720. 숫자의 합\11720. 숫자의 합.vcxproj", "{1AF17E78-67CE-4D9A-BCB1-4A59E4F960B0}"
EndProject
Project("{8BC9CEB8-8B4A-11D0-8D11-00A0C91BC942}") = "11721. 열 개씩 끊어 출력하기", "11721. 열 개씩 끊어 출력하기\11721. 열 개씩 끊어 출력하기.vcxproj", "{DC739A6B-1512-4B44-A798-36668BBFFCFB}"
EndProject
Global
	GlobalSection(SolutionConfigurationPlatforms) = preSolution
		Debug|x64 = Debug|x64
		Debug|x86 = Debug|x86
		Release|x64 = Release|x64
		Release|x86 = Release|x86
	EndGlobalSection
	GlobalSection(ProjectConfigurationPlatforms) = postSolution
		{7F161108-B13D-4846-BAA3-80B5DC55DAA1}.Debug|x64.ActiveCfg = Debug|x64
		{7F161108-B13D-4846-BAA3-80B5DC55DAA1}.Debug|x64.Build.0 = Debug|x64
		{7F161108-B13D-4846-BAA3-80B5DC55DAA1}.Debug|x86.ActiveCfg = Debug|Win32
		{7F161108-B13D-4846-BAA3-80B5DC55DAA1}.Debug|x86.Build.0 = Debug|Win32
		{7F161108-B13D-4846-BAA3-80B5DC55DAA1}.Release|x64.ActiveCfg = Release|x64
		{7F161108-B13D-4846-BAA3-80B5DC55DAA1}.Release|x64.Build.0 = Release|x64
		{7F161108-B13D-4846-BAA3-80B5DC55DAA1}.Release|x86.ActiveCfg = Release|Win32
		{7F161108-B13D-4846-BAA3-80B5DC55DAA1}.Release|x86.Build.0 = Release|Win32
		{3FF124A8-0547-464D-9FE9-037BFE97478E}.Debug|x64.ActiveCfg = Debug|x64
		{3FF124A8-0547-464D-9FE9-037BFE97478E}.Debug|x64.Build.0 = Debug|x64
		{3FF124A8-0547-464D-9FE9-037BFE97478E}.Debug|x86.ActiveCfg = Debug|Win32
		{3FF124A8-0547-464D-9FE9-037BFE97478E}.Debug|x86.Build.0 = Debug|Win32
		{3FF124A8-0547-464D-9FE9-037BFE97478E}.Release|x64.ActiveCfg = Release|x64
		{3FF124A8-0547-464D-9FE9-037BFE97478E}.Release|x64.Build.0 = Release|x64
		{3FF124A8-0547-464D-9FE9-037BFE97478E}.Release|x86.ActiveCfg = Release|Win32
		{3FF124A8-0547-464D-9FE9-037BFE97478E}.Release|x86.Build.0 = Release|Win32
		{C3B50E94-308D-4BA0-B888-50BD4337D9FB}.Debug|x64.ActiveCfg = Debug|x64
		{C3B50E94-308D-4BA0-B888-50BD4337D9FB}.Debug|x64.Build.0 = Debug|x64
		{C3B50E94-308D-4BA0-B888-50BD4337D9FB}.Debug|x86.ActiveCfg = Debug|Win32
		{C3B50E94-308D-4BA0-B888-50BD4337D9FB}.Debug|x86.Build.0 = Debug|Win32
		{C3B50E94-308D-4BA0-B888-50BD4337D9FB}.Release|x64.ActiveCfg = Release|x64
		{C3B50E94-308D-4BA0-B888-50BD4337D9FB}.Release|x64.Build.0 = Release|x64
		{C3B50E94-308D-4BA0-B888-50BD4337D9FB}.Release|x86.ActiveCfg = Release|Win32
		{C3B50E94-308D-4BA0-B888-50BD4337D9FB}.Release|x86.Build.0 = Release|Win32
		{8664E4CC-63DA-4EB1-B5B3-B6D9687B627E}.Debug|x64.ActiveCfg = Debug|x64
		{8664E4CC-63DA-4EB1-B5B3-B6D9687B627E}.Debug|x64.Build.0 = Debug|x64
		{8664E4CC-63DA-4EB1-B5B3-B6D9687B627E}.Debug|x86.ActiveCfg = Debug|Win32
		{8664E4CC-63DA-4EB1-B5B3-B6D9687B627E}.Debug|x86.Build.0 = Debug|Win32
		{8664E4CC-63DA-4EB1-B5B3-B6D9687B627E}.Release|x64.ActiveCfg = Release|x64
		{8664E4CC-63DA-4EB1-B5B3-B6D9687B627E}.Release|x64.Build.0 = Release|x64
		{8664E4CC-63DA-4EB1-B5B3-B6D9687B627E}.Release|x86.ActiveCfg = Release|Win32
		{8664E4CC-63DA-4EB1-B5B3-B6D9687B627E}.Release|x86.Build.0 = Release|Win32
		{7BA85702-CB21-4E3B-B9FA-BFE883734AA2}.Debug|x64.ActiveCfg = Debug|x64
		{7BA85702-CB21-4E3B-B9FA-BFE883734AA2}.Debug|x64.Build.0 = Debug|x64
		{7BA85702-CB21-4E3B-B9FA-BFE883734AA2}.Debug|x86.ActiveCfg = Debug|Win32
		{7BA85702-CB21-4E3B-B9FA-BFE883734AA2}.Debug|x86.Build.0 = Debug|Win32
		{7BA85702-CB21-4E3B-B9FA-BFE883734AA2}.Release|x64.ActiveCfg = Release|x64
		{7BA85702-CB21-4E3B-B9FA-BFE883734AA2}.Release|x64.Build.0 = Release|x64
		{7BA85702-CB21-4E3B-B9FA-BFE883734AA2}.Release|x86.ActiveCfg = Release|Win32
		{7BA85702-CB21-4E3B-B9FA-BFE883734AA2}.Release|x86.Build.0 = Release|Win32
		{6E382D08-4AE5-41FF-8C19-83AAF103B234}.Debug|x64.ActiveCfg = Debug|x64
		{6E382D08-4AE5-41FF-8C19-83AAF103B234}.Debug|x64.Build.0 = Debug|x64
		{6E382D08-4AE5-41FF-8C19-83AAF103B234}.Debug|x86.ActiveCfg = Debug|Win32
		{6E382D08-4AE5-41FF-8C19-83AAF103B234}.Debug|x86.Build.0 = Debug|Win32
		{6E382D08-4AE5-41FF-8C19-83AAF103B234}.Release|x64.ActiveCfg = Release|x64
		{6E382D08-4AE5-41FF-8C19-83AAF103B234}.Release|x64.Build.0 = Release|x64
		{6E382D08-4AE5-41FF-8C19-83AAF103B234}.Release|x86.ActiveCfg = Release|Win32
		{6E382D08-4AE5-41FF-8C19-83AAF103B234}.Release|x86.Build.0 = Release|Win32
		{BD887C50-02C2-4505-9373-EA8F90396C8F}.Debug|x64.ActiveCfg = Debug|x64
		{BD887C50-02C2-4505-9373-EA8F90396C8F}.Debug|x64.Build.0 = Debug|x64
		{BD887C50-02C2-4505-9373-EA8F90396C8F}.Debug|x86.ActiveCfg = Debug|Win32
		{BD887C50-02C2-4505-9373-EA8F90396C8F}.Debug|x86.Build.0 = Debug|Win32
		{BD887C50-02C2-4505-9373-EA8F90396C8F}.Release|x64.ActiveCfg = Release|x64
		{BD887C50-02C2-4505-9373-EA8F90396C8F}.Release|x64.Build.0 = Release|x64
		{BD887C50-02C2-4505-9373-EA8F90396C8F}.Release|x86.ActiveCfg = Release|Win32
		{BD887C50-02C2-4505-9373-EA8F90396C8F}.Release|x86.Build.0 = Release|Win32
		{B7162A78-020F-4CCD-99E9-79A95A7ED33B}.Debug|x64.ActiveCfg = Debug|x64
		{B7162A78-020F-4CCD-99E9-79A95A7ED33B}.Debug|x64.Build.0 = Debug|x64
		{B7162A78-020F-4CCD-99E9-79A95A7ED33B}.Debug|x86.ActiveCfg = Debug|Win32
		{B7162A78-020F-4CCD-99E9-79A95A7ED33B}.Debug|x86.Build.0 = Debug|Win32
		{B7162A78-020F-4CCD-99E9-79A95A7ED33B}.Release|x64.ActiveCfg = Release|x64
		{B7162A78-020F-4CCD-99E9-79A95A7ED33B}.Release|x64.Build.0 = Release|x64
		{B7162A78-020F-4CCD-99E9-79A95A7ED33B}.Release|x86.ActiveCfg = Release|Win32
		{B7162A78-020F-4CCD-99E9-79A95A7ED33B}.Release|x86.Build.0 = Release|Win32
		{77D6858C-DF8F-4DFB-9409-51BC6A0C82CD}.Debug|x64.ActiveCfg = Debug|x64
		{77D6858C-DF8F-4DFB-9409-51BC6A0C82CD}.Debug|x64.Build.0 = Debug|x64
		{77D6858C-DF8F-4DFB-9409-51BC6A0C82CD}.Debug|x86.ActiveCfg = Debug|Win32
		{77D6858C-DF8F-4DFB-9409-51BC6A0C82CD}.Debug|x86.Build.0 = Debug|Win32
		{77D6858C-DF8F-4DFB-9409-51BC6A0C82CD}.Release|x64.ActiveCfg = Release|x64
		{77D6858C-DF8F-4DFB-9409-51BC6A0C82CD}.Release|x64.Build.0 = Release|x64
		{77D6858C-DF8F-4DFB-9409-51BC6A0C82CD}.Release|x86.ActiveCfg = Release|Win32
		{77D6858C-DF8F-4DFB-9409-51BC6A0C82CD}.Release|x86.Build.0 = Release|Win32
		{2DA0D986-63EA-4200-B5A0-61385EA49907}.Debug|x64.ActiveCfg = Debug|x64
		{2DA0D986-63EA-4200-B5A0-61385EA49907}.Debug|x64.Build.0 = Debug|x64
		{2DA0D986-63EA-4200-B5A0-61385EA49907}.Debug|x86.ActiveCfg = Debug|Win32
		{2DA0D986-63EA-4200-B5A0-61385EA49907}.Debug|x86.Build.0 = Debug|Win32
		{2DA0D986-63EA-4200-B5A0-61385EA49907}.Release|x64.ActiveCfg = Release|x64
		{2DA0D986-63EA-4200-B5A0-61385EA49907}.Release|x64.Build.0 = Release|x64
		{2DA0D986-63EA-4200-B5A0-61385EA49907}.Release|x86.ActiveCfg = Release|Win32
		{2DA0D986-63EA-4200-B5A0-61385EA49907}.Release|x86.Build.0 = Release|Win32
		{C8992DA3-0DEE-40D7-8AE2-5F55901F3938}.Debug|x64.ActiveCfg = Debug|x64
		{C8992DA3-0DEE-40D7-8AE2-5F55901F3938}.Debug|x64.Build.0 = Debug|x64
		{C8992DA3-0DEE-40D7-8AE2-5F55901F3938}.Debug|x86.ActiveCfg = Debug|Win32
		{C8992DA3-0DEE-40D7-8AE2-5F55901F3938}.Debug|x86.Build.0 = Debug|Win32
		{C8992DA3-0DEE-40D7-8AE2-5F55901F3938}.Release|x64.ActiveCfg = Release|x64
		{C8992DA3-0DEE-40D7-8AE2-5F55901F3938}.Release|x64.Build.0 = Release|x64
		{C8992DA3-0DEE-40D7-8AE2-5F55901F3938}.Release|x86.ActiveCfg = Release|Win32
		{C8992DA3-0DEE-40D7-8AE2-5F55901F3938}.Release|x86.Build.0 = Release|Win32
		{328A475C-FDB9-4F92-8B34-3A3279204888}.Debug|x64.ActiveCfg = Debug|x64
		{328A475C-FDB9-4F92-8B34-3A3279204888}.Debug|x64.Build.0 = Debug|x64
		{328A475C-FDB9-4F92-8B34-3A3279204888}.Debug|x86.ActiveCfg = Debug|Win32
		{328A475C-FDB9-4F92-8B34-3A3279204888}.Debug|x86.Build.0 = Debug|Win32
		{328A475C-FDB9-4F92-8B34-3A3279204888}.Release|x64.ActiveCfg = Release|x64
		{328A475C-FDB9-4F92-8B34-3A3279204888}.Release|x64.Build.0 = Release|x64
		{328A475C-FDB9-4F92-8B34-3A3279204888}.Release|x86.ActiveCfg = Release|Win32
		{328A475C-FDB9-4F92-8B34-3A3279204888}.Release|x86.Build.0 = Release|Win32
		{2D59F435-AFB9-48BF-ABC8-0ED211F88AFB}.Debug|x64.ActiveCfg = Debug|x64
		{2D59F435-AFB9-48BF-ABC8-0ED211F88AFB}.Debug|x64.Build.0 = Debug|x64
		{2D59F435-AFB9-48BF-ABC8-0ED211F88AFB}.Debug|x86.ActiveCfg = Debug|Win32
		{2D59F435-AFB9-48BF-ABC8-0ED211F88AFB}.Debug|x86.Build.0 = Debug|Win32
		{2D59F435-AFB9-48BF-ABC8-0ED211F88AFB}.Release|x64.ActiveCfg = Release|x64
		{2D59F435-AFB9-48BF-ABC8-0ED211F88AFB}.Release|x64.Build.0 = Release|x64
		{2D59F435-AFB9-48BF-ABC8-0ED211F88AFB}.Release|x86.ActiveCfg = Release|Win32
		{2D59F435-AFB9-48BF-ABC8-0ED211F88AFB}.Release|x86.Build.0 = Release|Win32
		{F0943920-1CEA-41AD-BDE4-48BCB73F8847}.Debug|x64.ActiveCfg = Debug|x64
		{F0943920-1CEA-41AD-BDE4-48BCB73F8847}.Debug|x64.Build.0 = Debug|x64
		{F0943920-1CEA-41AD-BDE4-48BCB73F8847}.Debug|x86.ActiveCfg = Debug|Win32
		{F0943920-1CEA-41AD-BDE4-48BCB73F8847}.Debug|x86.Build.0 = Debug|Win32
		{F0943920-1CEA-41AD-BDE4-48BCB73F8847}.Release|x64.ActiveCfg = Release|x64
		{F0943920-1CEA-41AD-BDE4-48BCB73F8847}.Release|x64.Build.0 = Release|x64
		{F0943920-1CEA-41AD-BDE4-48BCB73F8847}.Release|x86.ActiveCfg = Release|Win32
		{F0943920-1CEA-41AD-BDE4-48BCB73F8847}.Release|x86.Build.0 = Release|Win32
		{B0459062-CD29-49C9-923F-A73A35B0D640}.Debug|x64.ActiveCfg = Debug|x64
		{B0459062-CD29-49C9-923F-A73A35B0D640}.Debug|x64.Build.0 = Debug|x64
		{B0459062-CD29-49C9-923F-A73A35B0D640}.Debug|x86.ActiveCfg = Debug|Win32
		{B0459062-CD29-49C9-923F-A73A35B0D640}.Debug|x86.Build.0 = Debug|Win32
		{B0459062-CD29-49C9-923F-A73A35B0D640}.Release|x64.ActiveCfg = Release|x64
		{B0459062-CD29-49C9-923F-A73A35B0D640}.Release|x64.Build.0 = Release|x64
		{B0459062-CD29-49C9-923F-A73A35B0D640}.Release|x86.ActiveCfg = Release|Win32
		{B0459062-CD29-49C9-923F-A73A35B0D640}.Release|x86.Build.0 = Release|Win32
		{996A98B9-11C5-4EB1-8D64-3E35EE4133C7}.Debug|x64.ActiveCfg = Debug|x64
		{996A98B9-11C5-4EB1-8D64-3E35EE4133C7}.Debug|x64.Build.0 = Debug|x64
		{996A98B9-11C5-4EB1-8D64-3E35EE4133C7}.Debug|x86.ActiveCfg = Debug|Win32
		{996A98B9-11C5-4EB1-8D64-3E35EE4133C7}.Debug|x86.Build.0 = Debug|Win32
		{996A98B9-11C5-4EB1-8D64-3E35EE4133C7}.Release|x64.ActiveCfg = Release|x64
		{996A98B9-11C5-4EB1-8D64-3E35EE4133C7}.Release|x64.Build.0 = Release|x64
		{996A98B9-11C5-4EB1-8D64-3E35EE4133C7}.Release|x86.ActiveCfg = Release|Win32
		{996A98B9-11C5-4EB1-8D64-3E35EE4133C7}.Release|x86.Build.0 = Release|Win32
		{6ACEAC6F-E70A-4B52-A364-E6CCC4F511EE}.Debug|x64.ActiveCfg = Debug|x64
		{6ACEAC6F-E70A-4B52-A364-E6CCC4F511EE}.Debug|x64.Build.0 = Debug|x64
		{6ACEAC6F-E70A-4B52-A364-E6CCC4F511EE}.Debug|x86.ActiveCfg = Debug|Win32
		{6ACEAC6F-E70A-4B52-A364-E6CCC4F511EE}.Debug|x86.Build.0 = Debug|Win32
		{6ACEAC6F-E70A-4B52-A364-E6CCC4F511EE}.Release|x64.ActiveCfg = Release|x64
		{6ACEAC6F-E70A-4B52-A364-E6CCC4F511EE}.Release|x64.Build.0 = Release|x64
		{6ACEAC6F-E70A-4B52-A364-E6CCC4F511EE}.Release|x86.ActiveCfg = Release|Win32
		{6ACEAC6F-E70A-4B52-A364-E6CCC4F511EE}.Release|x86.Build.0 = Release|Win32
		{2C7C6F31-874B-4950-A972-FF9FAC807E66}.Debug|x64.ActiveCfg = Debug|x64
		{2C7C6F31-874B-4950-A972-FF9FAC807E66}.Debug|x64.Build.0 = Debug|x64
		{2C7C6F31-874B-4950-A972-FF9FAC807E66}.Debug|x86.ActiveCfg = Debug|Win32
		{2C7C6F31-874B-4950-A972-FF9FAC807E66}.Debug|x86.Build.0 = Debug|Win32
		{2C7C6F31-874B-4950-A972-FF9FAC807E66}.Release|x64.ActiveCfg = Release|x64
		{2C7C6F31-874B-4950-A972-FF9FAC807E66}.Release|x64.Build.0 = Release|x64
		{2C7C6F31-874B-4950-A972-FF9FAC807E66}.Release|x86.ActiveCfg = Release|Win32
		{2C7C6F31-874B-4950-A972-FF9FAC807E66}.Release|x86.Build.0 = Release|Win32
		{51C9FC7A-5A9A-4C08-8D61-270A1CF31490}.Debug|x64.ActiveCfg = Debug|x64
		{51C9FC7A-5A9A-4C08-8D61-270A1CF31490}.Debug|x64.Build.0 = Debug|x64
		{51C9FC7A-5A9A-4C08-8D61-270A1CF31490}.Debug|x86.ActiveCfg = Debug|Win32
		{51C9FC7A-5A9A-4C08-8D61-270A1CF31490}.Debug|x86.Build.0 = Debug|Win32
		{51C9FC7A-5A9A-4C08-8D61-270A1CF31490}.Release|x64.ActiveCfg = Release|x64
		{51C9FC7A-5A9A-4C08-8D61-270A1CF31490}.Release|x64.Build.0 = Release|x64
		{51C9FC7A-5A9A-4C08-8D61-270A1CF31490}.Release|x86.ActiveCfg = Release|Win32
		{51C9FC7A-5A9A-4C08-8D61-270A1CF31490}.Release|x86.Build.0 = Release|Win32
		{621C5EEC-9BAA-4E1C-827A-50BDA6B61F0B}.Debug|x64.ActiveCfg = Debug|x64
		{621C5EEC-9BAA-4E1C-827A-50BDA6B61F0B}.Debug|x64.Build.0 = Debug|x64
		{621C5EEC-9BAA-4E1C-827A-50BDA6B61F0B}.Debug|x86.ActiveCfg = Debug|Win32
		{621C5EEC-9BAA-4E1C-827A-50BDA6B61F0B}.Debug|x86.Build.0 = Debug|Win32
		{621C5EEC-9BAA-4E1C-827A-50BDA6B61F0B}.Release|x64.ActiveCfg = Release|x64
		{621C5EEC-9BAA-4E1C-827A-50BDA6B61F0B}.Release|x64.Build.0 = Release|x64
		{621C5EEC-9BAA-4E1C-827A-50BDA6B61F0B}.Release|x86.ActiveCfg = Release|Win32
		{621C5EEC-9BAA-4E1C-827A-50BDA6B61F0B}.Release|x86.Build.0 = Release|Win32
		{0E860244-9C9B-4DBD-AEF1-3CE29196316A}.Debug|x64.ActiveCfg = Debug|x64
		{0E860244-9C9B-4DBD-AEF1-3CE29196316A}.Debug|x64.Build.0 = Debug|x64
		{0E860244-9C9B-4DBD-AEF1-3CE29196316A}.Debug|x86.ActiveCfg = Debug|Win32
		{0E860244-9C9B-4DBD-AEF1-3CE29196316A}.Debug|x86.Build.0 = Debug|Win32
		{0E860244-9C9B-4DBD-AEF1-3CE29196316A}.Release|x64.ActiveCfg = Release|x64
		{0E860244-9C9B-4DBD-AEF1-3CE29196316A}.Release|x64.Build.0 = Release|x64
		{0E860244-9C9B-4DBD-AEF1-3CE29196316A}.Release|x86.ActiveCfg = Release|Win32
		{0E860244-9C9B-4DBD-AEF1-3CE29196316A}.Release|x86.Build.0 = Release|Win32
		{65CD1327-EF1B-4D92-9818-CE616AE31436}.Debug|x64.ActiveCfg = Debug|x64
		{65CD1327-EF1B-4D92-9818-CE616AE31436}.Debug|x64.Build.0 = Debug|x64
		{65CD1327-EF1B-4D92-9818-CE616AE31436}.Debug|x86.ActiveCfg = Debug|Win32
		{65CD1327-EF1B-4D92-9818-CE616AE31436}.Debug|x86.Build.0 = Debug|Win32
		{65CD1327-EF1B-4D92-9818-CE616AE31436}.Release|x64.ActiveCfg = Release|x64
		{65CD1327-EF1B-4D92-9818-CE616AE31436}.Release|x64.Build.0 = Release|x64
		{65CD1327-EF1B-4D92-9818-CE616AE31436}.Release|x86.ActiveCfg = Release|Win32
		{65CD1327-EF1B-4D92-9818-CE616AE31436}.Release|x86.Build.0 = Release|Win32
		{5DC79E5F-C3D4-4862-AF22-CF8E944B8ACE}.Debug|x64.ActiveCfg = Debug|x64
		{5DC79E5F-C3D4-4862-AF22-CF8E944B8ACE}.Debug|x64.Build.0 = Debug|x64
		{5DC79E5F-C3D4-4862-AF22-CF8E944B8ACE}.Debug|x86.ActiveCfg = Debug|Win32
		{5DC79E5F-C3D4-4862-AF22-CF8E944B8ACE}.Debug|x86.Build.0 = Debug|Win32
		{5DC79E5F-C3D4-4862-AF22-CF8E944B8ACE}.Release|x64.ActiveCfg = Release|x64
		{5DC79E5F-C3D4-4862-AF22-CF8E944B8ACE}.Release|x64.Build.0 = Release|x64
		{5DC79E5F-C3D4-4862-AF22-CF8E944B8ACE}.Release|x86.ActiveCfg = Release|Win32
		{5DC79E5F-C3D4-4862-AF22-CF8E944B8ACE}.Release|x86.Build.0 = Release|Win32
		{1AF17E78-67CE-4D9A-BCB1-4A59E4F960B0}.Debug|x64.ActiveCfg = Debug|x64
		{1AF17E78-67CE-4D9A-BCB1-4A59E4F960B0}.Debug|x64.Build.0 = Debug|x64
		{1AF17E78-67CE-4D9A-BCB1-4A59E4F960B0}.Debug|x86.ActiveCfg = Debug|Win32
		{1AF17E78-67CE-4D9A-BCB1-4A59E4F960B0}.Debug|x86.Build.0 = Debug|Win32
		{1AF17E78-67CE-4D9A-BCB1-4A59E4F960B0}.Release|x64.ActiveCfg = Release|x64
		{1AF17E78-67CE-4D9A-BCB1-4A59E4F960B0}.Release|x64.Build.0 = Release|x64
		{1AF17E78-67CE-4D9A-BCB1-4A59E4F960B0}.Release|x86.ActiveCfg = Release|Win32
		{1AF17E78-67CE-4D9A-BCB1-4A59E4F960B0}.Release|x86.Build.0 = Release|Win32
		{DC739A6B-1512-4B44-A798-36668BBFFCFB}.Debug|x64.ActiveCfg = Debug|x64
		{DC739A6B-1512-4B44-A798-36668BBFFCFB}.Debug|x64.Build.0 = Debug|x64
		{DC739A6B-1512-4B44-A798-36668BBFFCFB}.Debug|x86.ActiveCfg = Debug|Win32
		{DC739A6B-1512-4B44-A798-36668BBFFCFB}.Debug|x86.Build.0 = Debug|Win32
		{DC739A6B-1512-4B44-A798-36668BBFFCFB}.Release|x64.ActiveCfg = Release|x64
		{DC739A6B-1512-4B44-A798-36668BBFFCFB}.Release|x64.Build.0 = Release|x64
		{DC739A6B-1512-4B44-A798-36668BBFFCFB}.Release|x86.ActiveCfg = Release|Win32
		{DC739A6B-1512-4B44-A798-36668BBFFCFB}.Release|x86.Build.0 = Release|Win32
	EndGlobalSection
	GlobalSection(SolutionProperties) = preSolution
		HideSolutionNode = FALSE
	EndGlobalSection
	GlobalSection(ExtensibilityGlobals) = postSolution
		SolutionGuid = {E772C431-D256-477C-9C6C-27A263AD8304}
	EndGlobalSection
EndGlobal
