
Microsoft Visual Studio Solution File, Format Version 12.00
# Visual Studio 15
VisualStudioVersion = 15.0.27703.2000
MinimumVisualStudioVersion = 10.0.40219.1
Project("{8BC9CEB8-8B4A-11D0-8D11-00A0C91BC942}") = "10172. 개", "10172. 개\10172. 개.vcxproj", "{7BA85702-CB21-4E3B-B9FA-BFE883734AA2}"
EndProject
Project("{8BC9CEB8-8B4A-11D0-8D11-00A0C91BC942}") = "10718. We love kriii", "10718. We love kriii\10718. We love kriii.vcxproj", "{6E382D08-4AE5-41FF-8C19-83AAF103B234}"
EndProject
Project("{8BC9CEB8-8B4A-11D0-8D11-00A0C91BC942}") = "11718. 그대로 출력하기", "11718. 그대로 출력하기\11718. 그대로 출력하기.vcxproj", "{BD887C50-02C2-4505-9373-EA8F90396C8F}"
EndProject
Project("{8BC9CEB8-8B4A-11D0-8D11-00A0C91BC942}") = "11719. 그대로 출력하기 2", "11719. 그대로 출력하기 2\11719. 그대로 출력하기 2.vcxproj", "{B7162A78-020F-4CCD-99E9-79A95A7ED33B}"
EndProject
Project("{8BC9CEB8-8B4A-11D0-8D11-00A0C91BC942}") = "10998. A×B", "10998. A×B\10998. A×B.vcxproj", "{77D6858C-DF8F-4DFB-9409-51BC6A0C82CD}"
EndProject
Project("{8BC9CEB8-8B4A-11D0-8D11-00A0C91BC942}") = "10869. 사칙연산", "10869. 사칙연산\10869. 사칙연산.vcxproj", "{C8992DA3-0DEE-40D7-8AE2-5F55901F3938}"
EndProject
Project("{8BC9CEB8-8B4A-11D0-8D11-00A0C91BC942}") = "10430. 나머지", "10430. 나머지\10430. 나머지.vcxproj", "{328A475C-FDB9-4F92-8B34-3A3279204888}"
EndProject
Project("{8BC9CEB8-8B4A-11D0-8D11-00A0C91BC942}") = "11720. 숫자의 합", "11720. 숫자의 합\11720. 숫자의 합.vcxproj", "{1AF17E78-67CE-4D9A-BCB1-4A59E4F960B0}"
EndProject
Project("{8BC9CEB8-8B4A-11D0-8D11-00A0C91BC942}") = "11721. 열 개씩 끊어 출력하기", "11721. 열 개씩 끊어 출력하기\11721. 열 개씩 끊어 출력하기.vcxproj", "{DC739A6B-1512-4B44-A798-36668BBFFCFB}"
EndProject
Project("{8BC9CEB8-8B4A-11D0-8D11-00A0C91BC942}") = "15552. 빠른 A+B", "15552. 빠른 A+B\15552. 빠른 A+B.vcxproj", "{A3B70475-A742-49D4-87D2-5C210BDF44E1}"
EndProject
Project("{8BC9CEB8-8B4A-11D0-8D11-00A0C91BC942}") = "10817. 세 수", "10817. 세 수\10817. 세 수.vcxproj", "{DDF5CB74-EC95-45A0-A200-B818156E5783}"
EndProject
Project("{8BC9CEB8-8B4A-11D0-8D11-00A0C91BC942}") = "10871. X보다 작은 수", "10871. X보다 작은 수\10871. X보다 작은 수.vcxproj", "{4C473AD3-D62C-477F-8B77-ABB5305CA604}"
EndProject
Project("{8BC9CEB8-8B4A-11D0-8D11-00A0C91BC942}") = "02448. 별찍기 - 11", "02448. 별찍기 - 11\02448. 별찍기 - 11.vcxproj", "{027606B7-832A-4EF5-8FCD-54B942386305}"
EndProject
Project("{8BC9CEB8-8B4A-11D0-8D11-00A0C91BC942}") = "01008. A／B", "01008. A／B\01008. A／B.vcxproj", "{122805CC-8875-48A7-AE1D-9898A40AE964}"
EndProject
Project("{8BC9CEB8-8B4A-11D0-8D11-00A0C91BC942}") = "02557. Hello World", "02557. Hello World\02557. Hello World.vcxproj", "{D3B379B6-DAC6-49EC-A795-8B1D124945E2}"
EndProject
Project("{8BC9CEB8-8B4A-11D0-8D11-00A0C91BC942}") = "01000. A+B", "01000. A+B\01000. A+B.vcxproj", "{12D148E7-99C9-4A91-9AFD-36A634611032}"
EndProject
Project("{8BC9CEB8-8B4A-11D0-8D11-00A0C91BC942}") = "01001. A-B", "01001. A-B\01001. A-B.vcxproj", "{85BD2505-E45A-477F-A29B-1080BDA96A2C}"
EndProject
Project("{8BC9CEB8-8B4A-11D0-8D11-00A0C91BC942}") = "07287. 등록", "07287. 등록\07287. 등록.vcxproj", "{DABF162C-5E5D-47D4-8F75-1523B645DBA0}"
EndProject
Project("{8BC9CEB8-8B4A-11D0-8D11-00A0C91BC942}") = "02558. A+B - 2", "02558. A+B - 2\02558. A+B - 2.vcxproj", "{818E5C4F-C572-48CF-A400-BB75DFD4A2F6}"
EndProject
Project("{8BC9CEB8-8B4A-11D0-8D11-00A0C91BC942}") = "02839. 설탕 배달", "02839. 설탕 배달\02839. 설탕 배달.vcxproj", "{87E635BF-2F1E-4FE9-A372-7A85F7DBFEBA}"
EndProject
Project("{8BC9CEB8-8B4A-11D0-8D11-00A0C91BC942}") = "02741. N 찍기", "02741. N 찍기\02741. N 찍기.vcxproj", "{79F107C1-905D-4BC4-B1C9-9F2DA3F16A76}"
EndProject
Project("{8BC9CEB8-8B4A-11D0-8D11-00A0C91BC942}") = "02742. 기찍 N", "02742. 기찍 N\02742. 기찍 N.vcxproj", "{DEC61B82-01B3-48EB-969E-2D8F60974942}"
EndProject
Project("{8BC9CEB8-8B4A-11D0-8D11-00A0C91BC942}") = "02739. 구구단", "02739. 구구단\02739. 구구단.vcxproj", "{013BC9BB-CB14-48E6-BDB0-B5D8AD4639B9}"
EndProject
Project("{8BC9CEB8-8B4A-11D0-8D11-00A0C91BC942}") = "02438. 별찍기 - 1", "02438. 별찍기 - 1\02438. 별찍기 - 1.vcxproj", "{DDE9B0D1-79AD-4082-B59F-95B6153BC272}"
EndProject
Project("{8BC9CEB8-8B4A-11D0-8D11-00A0C91BC942}") = "02439. 별찍기 - 2", "02439. 별찍기 - 2\02439. 별찍기 - 2.vcxproj", "{37097C10-BA0C-429F-9249-72C6AE0E85E3}"
EndProject
Project("{8BC9CEB8-8B4A-11D0-8D11-00A0C91BC942}") = "02440. 별찍기 - 3", "02440. 별찍기 - 3\02440. 별찍기 - 3.vcxproj", "{A14BA6E2-BF23-45AE-A2B3-E00DA0BFC34D}"
EndProject
Project("{8BC9CEB8-8B4A-11D0-8D11-00A0C91BC942}") = "02441. 별찍기 - 4", "02441. 별찍기 - 4\02441. 별찍기 - 4.vcxproj", "{3573AF62-555A-4021-B621-53CB428F4DB8}"
EndProject
Project("{8BC9CEB8-8B4A-11D0-8D11-00A0C91BC942}") = "01924. 2007년", "01924. 2007년\01924. 2007년.vcxproj", "{EA5053A0-7ADF-46F8-A337-EA577A6DC5E6}"
EndProject
Project("{8BC9CEB8-8B4A-11D0-8D11-00A0C91BC942}") = "08393. 합", "08393. 합\08393. 합.vcxproj", "{D9134356-4CEB-458B-BAFF-0510D574F2E1}"
EndProject
Project("{8BC9CEB8-8B4A-11D0-8D11-00A0C91BC942}") = "09498. 시험 성적", "09498. 시험 성적\09498. 시험 성적.vcxproj", "{B24ECB39-17A5-4756-84AB-D8B01812F986}"
EndProject
Project("{8BC9CEB8-8B4A-11D0-8D11-00A0C91BC942}") = "01546. 평균", "01546. 평균\01546. 평균.vcxproj", "{64FB50F8-46FC-4E03-B009-14E5B813287F}"
EndProject
Project("{8BC9CEB8-8B4A-11D0-8D11-00A0C91BC942}") = "04344. 평균은 넘겠지", "04344. 평균은 넘겠지\04344. 평균은 넘겠지.vcxproj", "{43D292ED-99F0-4EE7-AC6C-0FC659BD4881}"
EndProject
Project("{8BC9CEB8-8B4A-11D0-8D11-00A0C91BC942}") = "01110. 더하기 사이클", "01110. 더하기 사이클\01110. 더하기 사이클.vcxproj", "{6E851516-09FA-4C92-9957-5B85F648544F}"
EndProject
Project("{8BC9CEB8-8B4A-11D0-8D11-00A0C91BC942}") = "04673. 셀프 넘버", "04673. 셀프 넘버\04673. 셀프 넘버.vcxproj", "{3F93E2B5-636B-4E92-9718-52597391CF79}"
EndProject
Project("{8BC9CEB8-8B4A-11D0-8D11-00A0C91BC942}") = "01065. 한수", "01065. 한수\01065. 한수.vcxproj", "{7A944506-FA0A-4C56-AC6C-E903A341AE95}"
EndProject
Project("{8BC9CEB8-8B4A-11D0-8D11-00A0C91BC942}") = "01152. 단어의 개수", "01152. 단어의 개수\01152. 단어의 개수.vcxproj", "{4C96C5BA-8382-4A2B-8FE6-84A26384189C}"
EndProject
Project("{8BC9CEB8-8B4A-11D0-8D11-00A0C91BC942}") = "02577. 숫자의 개수", "02577. 숫자의 개수\02577. 숫자의 개수.vcxproj", "{2FDE0945-4A53-4D12-B739-0EDF38912ABA}"
EndProject
Project("{8BC9CEB8-8B4A-11D0-8D11-00A0C91BC942}") = "08958. OX퀴즈", "08958. OX퀴즈\08958. OX퀴즈.vcxproj", "{34A6F4A0-8FB2-4D96-AE79-254A1585EF53}"
EndProject
Project("{8BC9CEB8-8B4A-11D0-8D11-00A0C91BC942}") = "02920. 음계", "02920. 음계\02920. 음계.vcxproj", "{54985643-7052-4274-97A8-F0EB5649C27E}"
EndProject
Project("{8BC9CEB8-8B4A-11D0-8D11-00A0C91BC942}") = "10039. 평균 점수", "10039. 평균 점수\10039. 평균 점수.vcxproj", "{FA29FE79-9FA1-482C-9A35-EDC17B6C1640}"
EndProject
Project("{8BC9CEB8-8B4A-11D0-8D11-00A0C91BC942}") = "11654. 아스키 코드", "11654. 아스키 코드\11654. 아스키 코드.vcxproj", "{EDE06588-A97E-4B69-BF98-70BF441A0B46}"
EndProject
Project("{8BC9CEB8-8B4A-11D0-8D11-00A0C91BC942}") = "10809. 알파벳 찾기", "10809. 알파벳 찾기\10809. 알파벳 찾기.vcxproj", "{121A0F7F-FFB7-4DF9-8B48-B7789D13A221}"
EndProject
Project("{8BC9CEB8-8B4A-11D0-8D11-00A0C91BC942}") = "02675. 문자열 반복", "02675. 문자열 반복\02675. 문자열 반복.vcxproj", "{9EE25BCC-23CB-4269-A1A1-8A1F2EBCD86C}"
EndProject
Project("{8BC9CEB8-8B4A-11D0-8D11-00A0C91BC942}") = "01157. 단어 공부", "01157. 단어 공부\01157. 단어 공부.vcxproj", "{A73001EE-075C-4B66-B5E7-E03A53CAE783}"
EndProject
Project("{8BC9CEB8-8B4A-11D0-8D11-00A0C91BC942}") = "01316. 그룹 단어 체커", "01316. 그룹 단어 체커\01316. 그룹 단어 체커.vcxproj", "{ECF00BF6-0920-42FC-94A5-517AFF73799E}"
EndProject
Project("{8BC9CEB8-8B4A-11D0-8D11-00A0C91BC942}") = "02908. 상수", "02908. 상수\02908. 상수.vcxproj", "{667BAC88-9964-4385-A403-7E11F5A0DEEB}"
EndProject
Project("{8BC9CEB8-8B4A-11D0-8D11-00A0C91BC942}") = "05622. 다이얼", "05622. 다이얼\05622. 다이얼.vcxproj", "{09DE250B-454D-4BDB-98C4-90C660E1AF0E}"
EndProject
Project("{8BC9CEB8-8B4A-11D0-8D11-00A0C91BC942}") = "02941. 크로아티아 알파벳", "02941. 크로아티아 알파벳\02941. 크로아티아 알파벳.vcxproj", "{15CC3BF2-5EA0-4737-B5AC-5FED279EFE77}"
EndProject
Project("{8BC9CEB8-8B4A-11D0-8D11-00A0C91BC942}") = "02292. 벌집", "02292. 벌집\02292. 벌집.vcxproj", "{2EBFD127-85B4-4485-927E-D57DAE0642FC}"
EndProject
Project("{8BC9CEB8-8B4A-11D0-8D11-00A0C91BC942}") = "01193. 분수찾기", "01193. 분수찾기\01193. 분수찾기.vcxproj", "{D0529538-7C64-4560-9486-A2D144C66799}"
EndProject
Project("{8BC9CEB8-8B4A-11D0-8D11-00A0C91BC942}") = "01011. Fly me to the Alpha Centauri", "01011. Fly me to the Alpha Centauri\01011. Fly me to the Alpha Centauri.vcxproj", "{75B38EC1-F549-4FF0-9139-CF7F9214D1C9}"
EndProject
Project("{8BC9CEB8-8B4A-11D0-8D11-00A0C91BC942}") = "10250. ACM 호텔", "10250. ACM 호텔\10250. ACM 호텔.vcxproj", "{D0B01D13-2BE5-4F22-AC76-1F27F097D23E}"
EndProject
Project("{8BC9CEB8-8B4A-11D0-8D11-00A0C91BC942}") = "02775. 부녀회장이 될테야", "02775. 부녀회장이 될테야\02775. 부녀회장이 될테야.vcxproj", "{850D7E79-BBCB-4040-AE53-68D7D2CF3397}"
EndProject
Project("{8BC9CEB8-8B4A-11D0-8D11-00A0C91BC942}") = "01475. 방 번호", "01475. 방 번호\01475. 방 번호.vcxproj", "{47BCAF73-AD39-4D98-AB90-76F11B3867EA}"
EndProject
Project("{8BC9CEB8-8B4A-11D0-8D11-00A0C91BC942}") = "06064. 카잉 달력", "06064. 카잉 달력\06064. 카잉 달력.vcxproj", "{0A1422C7-90C9-4290-8E3A-01EDADADB621}"
EndProject
Project("{8BC9CEB8-8B4A-11D0-8D11-00A0C91BC942}") = "02750. 수 정렬하기", "02750. 수 정렬하기\02750. 수 정렬하기.vcxproj", "{088A2540-ED5D-4235-8164-3D62F8D89486}"
EndProject
Project("{8BC9CEB8-8B4A-11D0-8D11-00A0C91BC942}") = "02751. 수 정렬하기 2", "02751. 수 정렬하기 2\02751. 수 정렬하기 2.vcxproj", "{C202EA03-C83E-4EDB-82CE-C1ED5642D65C}"
EndProject
Project("{8BC9CEB8-8B4A-11D0-8D11-00A0C91BC942}") = "10989. 수 정렬하기 3", "10989. 수 정렬하기 3\10989. 수 정렬하기 3.vcxproj", "{5D4244CC-2349-4054-BF05-26829B671640}"
EndProject
Project("{8BC9CEB8-8B4A-11D0-8D11-00A0C91BC942}") = "02108. 통계학", "02108. 통계학\02108. 통계학.vcxproj", "{BF173A68-F359-409C-806C-4F20B3947772}"
EndProject
Project("{8BC9CEB8-8B4A-11D0-8D11-00A0C91BC942}") = "01427. 소트인사이드", "01427. 소트인사이드\01427. 소트인사이드.vcxproj", "{B0E638C0-9FAA-4578-B997-B81A5ACA470E}"
EndProject
Project("{8BC9CEB8-8B4A-11D0-8D11-00A0C91BC942}") = "01181. 단어 정렬", "01181. 단어 정렬\01181. 단어 정렬.vcxproj", "{7C1F554A-4FE6-45D5-B58A-327C23D924AB}"
EndProject
Project("{8BC9CEB8-8B4A-11D0-8D11-00A0C91BC942}") = "01978. 소수 찾기", "01978. 소수 찾기\01978. 소수 찾기.vcxproj", "{314C6166-0575-4DBE-BDB4-D884D3F1E714}"
EndProject
Project("{8BC9CEB8-8B4A-11D0-8D11-00A0C91BC942}") = "02581. 소수", "02581. 소수\02581. 소수.vcxproj", "{CC57391A-476C-46B6-BF71-406C6AC7DF1C}"
EndProject
Project("{8BC9CEB8-8B4A-11D0-8D11-00A0C91BC942}") = "01929. 소수 구하기", "01929. 소수 구하기\01929. 소수 구하기.vcxproj", "{8347AA87-54A8-4518-A269-DE8E6E41CA68}"
EndProject
Project("{8BC9CEB8-8B4A-11D0-8D11-00A0C91BC942}") = "04948. 베르트랑 공준", "04948. 베르트랑 공준\04948. 베르트랑 공준.vcxproj", "{7CBCA587-2B2A-4222-A7E6-CF538D159285}"
EndProject
Project("{8BC9CEB8-8B4A-11D0-8D11-00A0C91BC942}") = "09020. 골드바흐의 추측", "09020. 골드바흐의 추측\09020. 골드바흐의 추측.vcxproj", "{84D5F34A-D217-4E72-86FE-D099F6688784}"
EndProject
Project("{8BC9CEB8-8B4A-11D0-8D11-00A0C91BC942}") = "10828. 스택", "10828. 스택\10828. 스택.vcxproj", "{D22BC062-96D1-4158-BF6E-F46434FE34F0}"
EndProject
Project("{8BC9CEB8-8B4A-11D0-8D11-00A0C91BC942}") = "01874. 스택 수열", "01874. 스택 수열\01874. 스택 수열.vcxproj", "{DC8167B9-0443-4CD6-B8D0-C2F57C3C81E9}"
EndProject
Project("{8BC9CEB8-8B4A-11D0-8D11-00A0C91BC942}") = "09012. 괄호", "09012. 괄호\09012. 괄호.vcxproj", "{6D4C478C-697D-4382-A95F-350651081ED3}"
EndProject
Project("{8BC9CEB8-8B4A-11D0-8D11-00A0C91BC942}") = "02504. 괄호의 값", "02504. 괄호의 값\02504. 괄호의 값.vcxproj", "{640A4EE6-1968-4C25-A6EA-701300FDB891}"
EndProject
Project("{8BC9CEB8-8B4A-11D0-8D11-00A0C91BC942}") = "10845. 큐", "10845. 큐\10845. 큐.vcxproj", "{1FBE6E07-71F9-4DD3-9B1E-11EFAE2F4A58}"
EndProject
Project("{8BC9CEB8-8B4A-11D0-8D11-00A0C91BC942}") = "01260. DFS와 BFS", "01260. DFS와 BFS\01260. DFS와 BFS.vcxproj", "{950C8362-0982-4460-9957-3391B7449ADF}"
EndProject
Project("{8BC9CEB8-8B4A-11D0-8D11-00A0C91BC942}") = "01966. 프린터 큐", "01966. 프린터 큐\01966. 프린터 큐.vcxproj", "{F325870F-37B0-4F07-BF05-A8E93AE5F23F}"
EndProject
Project("{8BC9CEB8-8B4A-11D0-8D11-00A0C91BC942}") = "11866. 조세퍼스 문제 0", "11866. 조세퍼스 문제 0\11866. 조세퍼스 문제 0.vcxproj", "{84D4D540-920C-4DD8-9BEA-81512509391B}"
EndProject
Project("{8BC9CEB8-8B4A-11D0-8D11-00A0C91BC942}") = "01158. 조세퍼스 문제", "01158. 조세퍼스 문제\01158. 조세퍼스 문제.vcxproj", "{67F7F256-838D-4877-8715-ACC90F38DA7D}"
EndProject
Project("{8BC9CEB8-8B4A-11D0-8D11-00A0C91BC942}") = "10866. 덱", "10866. 덱\10866. 덱.vcxproj", "{2BCBE622-BE79-4BB8-9A7B-B61C7875D0DA}"
EndProject
Project("{8BC9CEB8-8B4A-11D0-8D11-00A0C91BC942}") = "01021. 회전하는 큐", "01021. 회전하는 큐\01021. 회전하는 큐.vcxproj", "{ECB6FA51-DE6C-4924-867B-7F44D27D871E}"
EndProject
Project("{8BC9CEB8-8B4A-11D0-8D11-00A0C91BC942}") = "05430. AC", "05430. AC\05430. AC.vcxproj", "{3E3A98C6-6076-43E0-9B9C-F3A019B34107}"
EndProject
Project("{8BC9CEB8-8B4A-11D0-8D11-00A0C91BC942}") = "02747. 피보나치 수", "02747. 피보나치 수\02747. 피보나치 수.vcxproj", "{DC42C152-BB6A-4695-A5C4-010EAC6F3BC5}"
EndProject
Project("{8BC9CEB8-8B4A-11D0-8D11-00A0C91BC942}") = "02748. 피보나치 수 2", "02748. 피보나치 수 2\02748. 피보나치 수 2.vcxproj", "{CDCB331C-84ED-4321-AD4C-CC936A03EB7F}"
EndProject
Project("{8BC9CEB8-8B4A-11D0-8D11-00A0C91BC942}") = "02749. 피보나치 수 3", "02749. 피보나치 수 3\02749. 피보나치 수 3.vcxproj", "{2C2E07CF-FF5D-4D65-BE21-96D1C7682F3C}"
EndProject
Project("{8BC9CEB8-8B4A-11D0-8D11-00A0C91BC942}") = "01003. 피보나치 함수", "01003. 피보나치 함수\01003. 피보나치 함수.vcxproj", "{86D8604B-4C99-4DFC-B2D4-D4AFB408C5CA}"
EndProject
Project("{8BC9CEB8-8B4A-11D0-8D11-00A0C91BC942}") = "11050. 이항 계수 1", "11050. 이항 계수 1\11050. 이항 계수 1.vcxproj", "{A9E29FAA-784B-45AE-B792-7E77DF5A77B2}"
EndProject
Project("{8BC9CEB8-8B4A-11D0-8D11-00A0C91BC942}") = "11051. 이항 계수 2", "11051. 이항 계수 2\11051. 이항 계수 2.vcxproj", "{25C68BF5-101F-4CB5-907B-A5E2AC012815}"
EndProject
Project("{8BC9CEB8-8B4A-11D0-8D11-00A0C91BC942}") = "11401. 이항 계수 3", "11401. 이항 계수 3\11401. 이항 계수 3.vcxproj", "{780A0FA1-4C78-4AB6-8166-938214A6A982}"
EndProject
Project("{8BC9CEB8-8B4A-11D0-8D11-00A0C91BC942}") = "10872. 팩토리얼", "10872. 팩토리얼\10872. 팩토리얼.vcxproj", "{DC535DB9-C67B-4690-AE7F-E843B071E8D2}"
EndProject
Project("{8BC9CEB8-8B4A-11D0-8D11-00A0C91BC942}") = "01676. 팩토리얼 0의 개수", "01676. 팩토리얼 0의 개수\01676. 팩토리얼 0의 개수.vcxproj", "{04B7FCE4-A9DE-40F7-B1E2-CD4771664AF9}"
EndProject
Global
	GlobalSection(SolutionConfigurationPlatforms) = preSolution
		Debug|x64 = Debug|x64
		Debug|x86 = Debug|x86
		Release|x64 = Release|x64
		Release|x86 = Release|x86
	EndGlobalSection
	GlobalSection(ProjectConfigurationPlatforms) = postSolution
		{7BA85702-CB21-4E3B-B9FA-BFE883734AA2}.Debug|x64.ActiveCfg = Debug|x64
		{7BA85702-CB21-4E3B-B9FA-BFE883734AA2}.Debug|x64.Build.0 = Debug|x64
		{7BA85702-CB21-4E3B-B9FA-BFE883734AA2}.Debug|x86.ActiveCfg = Debug|Win32
		{7BA85702-CB21-4E3B-B9FA-BFE883734AA2}.Debug|x86.Build.0 = Debug|Win32
		{7BA85702-CB21-4E3B-B9FA-BFE883734AA2}.Release|x64.ActiveCfg = Release|x64
		{7BA85702-CB21-4E3B-B9FA-BFE883734AA2}.Release|x64.Build.0 = Release|x64
		{7BA85702-CB21-4E3B-B9FA-BFE883734AA2}.Release|x86.ActiveCfg = Release|Win32
		{7BA85702-CB21-4E3B-B9FA-BFE883734AA2}.Release|x86.Build.0 = Release|Win32
		{6E382D08-4AE5-41FF-8C19-83AAF103B234}.Debug|x64.ActiveCfg = Debug|x64
		{6E382D08-4AE5-41FF-8C19-83AAF103B234}.Debug|x64.Build.0 = Debug|x64
		{6E382D08-4AE5-41FF-8C19-83AAF103B234}.Debug|x86.ActiveCfg = Debug|Win32
		{6E382D08-4AE5-41FF-8C19-83AAF103B234}.Debug|x86.Build.0 = Debug|Win32
		{6E382D08-4AE5-41FF-8C19-83AAF103B234}.Release|x64.ActiveCfg = Release|x64
		{6E382D08-4AE5-41FF-8C19-83AAF103B234}.Release|x64.Build.0 = Release|x64
		{6E382D08-4AE5-41FF-8C19-83AAF103B234}.Release|x86.ActiveCfg = Release|Win32
		{6E382D08-4AE5-41FF-8C19-83AAF103B234}.Release|x86.Build.0 = Release|Win32
		{BD887C50-02C2-4505-9373-EA8F90396C8F}.Debug|x64.ActiveCfg = Debug|x64
		{BD887C50-02C2-4505-9373-EA8F90396C8F}.Debug|x64.Build.0 = Debug|x64
		{BD887C50-02C2-4505-9373-EA8F90396C8F}.Debug|x86.ActiveCfg = Debug|Win32
		{BD887C50-02C2-4505-9373-EA8F90396C8F}.Debug|x86.Build.0 = Debug|Win32
		{BD887C50-02C2-4505-9373-EA8F90396C8F}.Release|x64.ActiveCfg = Release|x64
		{BD887C50-02C2-4505-9373-EA8F90396C8F}.Release|x64.Build.0 = Release|x64
		{BD887C50-02C2-4505-9373-EA8F90396C8F}.Release|x86.ActiveCfg = Release|Win32
		{BD887C50-02C2-4505-9373-EA8F90396C8F}.Release|x86.Build.0 = Release|Win32
		{B7162A78-020F-4CCD-99E9-79A95A7ED33B}.Debug|x64.ActiveCfg = Debug|x64
		{B7162A78-020F-4CCD-99E9-79A95A7ED33B}.Debug|x64.Build.0 = Debug|x64
		{B7162A78-020F-4CCD-99E9-79A95A7ED33B}.Debug|x86.ActiveCfg = Debug|Win32
		{B7162A78-020F-4CCD-99E9-79A95A7ED33B}.Debug|x86.Build.0 = Debug|Win32
		{B7162A78-020F-4CCD-99E9-79A95A7ED33B}.Release|x64.ActiveCfg = Release|x64
		{B7162A78-020F-4CCD-99E9-79A95A7ED33B}.Release|x64.Build.0 = Release|x64
		{B7162A78-020F-4CCD-99E9-79A95A7ED33B}.Release|x86.ActiveCfg = Release|Win32
		{B7162A78-020F-4CCD-99E9-79A95A7ED33B}.Release|x86.Build.0 = Release|Win32
		{77D6858C-DF8F-4DFB-9409-51BC6A0C82CD}.Debug|x64.ActiveCfg = Debug|x64
		{77D6858C-DF8F-4DFB-9409-51BC6A0C82CD}.Debug|x64.Build.0 = Debug|x64
		{77D6858C-DF8F-4DFB-9409-51BC6A0C82CD}.Debug|x86.ActiveCfg = Debug|Win32
		{77D6858C-DF8F-4DFB-9409-51BC6A0C82CD}.Debug|x86.Build.0 = Debug|Win32
		{77D6858C-DF8F-4DFB-9409-51BC6A0C82CD}.Release|x64.ActiveCfg = Release|x64
		{77D6858C-DF8F-4DFB-9409-51BC6A0C82CD}.Release|x64.Build.0 = Release|x64
		{77D6858C-DF8F-4DFB-9409-51BC6A0C82CD}.Release|x86.ActiveCfg = Release|Win32
		{77D6858C-DF8F-4DFB-9409-51BC6A0C82CD}.Release|x86.Build.0 = Release|Win32
		{C8992DA3-0DEE-40D7-8AE2-5F55901F3938}.Debug|x64.ActiveCfg = Debug|x64
		{C8992DA3-0DEE-40D7-8AE2-5F55901F3938}.Debug|x64.Build.0 = Debug|x64
		{C8992DA3-0DEE-40D7-8AE2-5F55901F3938}.Debug|x86.ActiveCfg = Debug|Win32
		{C8992DA3-0DEE-40D7-8AE2-5F55901F3938}.Debug|x86.Build.0 = Debug|Win32
		{C8992DA3-0DEE-40D7-8AE2-5F55901F3938}.Release|x64.ActiveCfg = Release|x64
		{C8992DA3-0DEE-40D7-8AE2-5F55901F3938}.Release|x64.Build.0 = Release|x64
		{C8992DA3-0DEE-40D7-8AE2-5F55901F3938}.Release|x86.ActiveCfg = Release|Win32
		{C8992DA3-0DEE-40D7-8AE2-5F55901F3938}.Release|x86.Build.0 = Release|Win32
		{328A475C-FDB9-4F92-8B34-3A3279204888}.Debug|x64.ActiveCfg = Debug|x64
		{328A475C-FDB9-4F92-8B34-3A3279204888}.Debug|x64.Build.0 = Debug|x64
		{328A475C-FDB9-4F92-8B34-3A3279204888}.Debug|x86.ActiveCfg = Debug|Win32
		{328A475C-FDB9-4F92-8B34-3A3279204888}.Debug|x86.Build.0 = Debug|Win32
		{328A475C-FDB9-4F92-8B34-3A3279204888}.Release|x64.ActiveCfg = Release|x64
		{328A475C-FDB9-4F92-8B34-3A3279204888}.Release|x64.Build.0 = Release|x64
		{328A475C-FDB9-4F92-8B34-3A3279204888}.Release|x86.ActiveCfg = Release|Win32
		{328A475C-FDB9-4F92-8B34-3A3279204888}.Release|x86.Build.0 = Release|Win32
		{1AF17E78-67CE-4D9A-BCB1-4A59E4F960B0}.Debug|x64.ActiveCfg = Debug|x64
		{1AF17E78-67CE-4D9A-BCB1-4A59E4F960B0}.Debug|x64.Build.0 = Debug|x64
		{1AF17E78-67CE-4D9A-BCB1-4A59E4F960B0}.Debug|x86.ActiveCfg = Debug|Win32
		{1AF17E78-67CE-4D9A-BCB1-4A59E4F960B0}.Debug|x86.Build.0 = Debug|Win32
		{1AF17E78-67CE-4D9A-BCB1-4A59E4F960B0}.Release|x64.ActiveCfg = Release|x64
		{1AF17E78-67CE-4D9A-BCB1-4A59E4F960B0}.Release|x64.Build.0 = Release|x64
		{1AF17E78-67CE-4D9A-BCB1-4A59E4F960B0}.Release|x86.ActiveCfg = Release|Win32
		{1AF17E78-67CE-4D9A-BCB1-4A59E4F960B0}.Release|x86.Build.0 = Release|Win32
		{DC739A6B-1512-4B44-A798-36668BBFFCFB}.Debug|x64.ActiveCfg = Debug|x64
		{DC739A6B-1512-4B44-A798-36668BBFFCFB}.Debug|x64.Build.0 = Debug|x64
		{DC739A6B-1512-4B44-A798-36668BBFFCFB}.Debug|x86.ActiveCfg = Debug|Win32
		{DC739A6B-1512-4B44-A798-36668BBFFCFB}.Debug|x86.Build.0 = Debug|Win32
		{DC739A6B-1512-4B44-A798-36668BBFFCFB}.Release|x64.ActiveCfg = Release|x64
		{DC739A6B-1512-4B44-A798-36668BBFFCFB}.Release|x64.Build.0 = Release|x64
		{DC739A6B-1512-4B44-A798-36668BBFFCFB}.Release|x86.ActiveCfg = Release|Win32
		{DC739A6B-1512-4B44-A798-36668BBFFCFB}.Release|x86.Build.0 = Release|Win32
		{A3B70475-A742-49D4-87D2-5C210BDF44E1}.Debug|x64.ActiveCfg = Debug|x64
		{A3B70475-A742-49D4-87D2-5C210BDF44E1}.Debug|x64.Build.0 = Debug|x64
		{A3B70475-A742-49D4-87D2-5C210BDF44E1}.Debug|x86.ActiveCfg = Debug|Win32
		{A3B70475-A742-49D4-87D2-5C210BDF44E1}.Debug|x86.Build.0 = Debug|Win32
		{A3B70475-A742-49D4-87D2-5C210BDF44E1}.Release|x64.ActiveCfg = Release|x64
		{A3B70475-A742-49D4-87D2-5C210BDF44E1}.Release|x64.Build.0 = Release|x64
		{A3B70475-A742-49D4-87D2-5C210BDF44E1}.Release|x86.ActiveCfg = Release|Win32
		{A3B70475-A742-49D4-87D2-5C210BDF44E1}.Release|x86.Build.0 = Release|Win32
		{DDF5CB74-EC95-45A0-A200-B818156E5783}.Debug|x64.ActiveCfg = Debug|x64
		{DDF5CB74-EC95-45A0-A200-B818156E5783}.Debug|x64.Build.0 = Debug|x64
		{DDF5CB74-EC95-45A0-A200-B818156E5783}.Debug|x86.ActiveCfg = Debug|Win32
		{DDF5CB74-EC95-45A0-A200-B818156E5783}.Debug|x86.Build.0 = Debug|Win32
		{DDF5CB74-EC95-45A0-A200-B818156E5783}.Release|x64.ActiveCfg = Release|x64
		{DDF5CB74-EC95-45A0-A200-B818156E5783}.Release|x64.Build.0 = Release|x64
		{DDF5CB74-EC95-45A0-A200-B818156E5783}.Release|x86.ActiveCfg = Release|Win32
		{DDF5CB74-EC95-45A0-A200-B818156E5783}.Release|x86.Build.0 = Release|Win32
		{4C473AD3-D62C-477F-8B77-ABB5305CA604}.Debug|x64.ActiveCfg = Debug|x64
		{4C473AD3-D62C-477F-8B77-ABB5305CA604}.Debug|x64.Build.0 = Debug|x64
		{4C473AD3-D62C-477F-8B77-ABB5305CA604}.Debug|x86.ActiveCfg = Debug|Win32
		{4C473AD3-D62C-477F-8B77-ABB5305CA604}.Debug|x86.Build.0 = Debug|Win32
		{4C473AD3-D62C-477F-8B77-ABB5305CA604}.Release|x64.ActiveCfg = Release|x64
		{4C473AD3-D62C-477F-8B77-ABB5305CA604}.Release|x64.Build.0 = Release|x64
		{4C473AD3-D62C-477F-8B77-ABB5305CA604}.Release|x86.ActiveCfg = Release|Win32
		{4C473AD3-D62C-477F-8B77-ABB5305CA604}.Release|x86.Build.0 = Release|Win32
		{027606B7-832A-4EF5-8FCD-54B942386305}.Debug|x64.ActiveCfg = Debug|x64
		{027606B7-832A-4EF5-8FCD-54B942386305}.Debug|x64.Build.0 = Debug|x64
		{027606B7-832A-4EF5-8FCD-54B942386305}.Debug|x86.ActiveCfg = Debug|Win32
		{027606B7-832A-4EF5-8FCD-54B942386305}.Debug|x86.Build.0 = Debug|Win32
		{027606B7-832A-4EF5-8FCD-54B942386305}.Release|x64.ActiveCfg = Release|x64
		{027606B7-832A-4EF5-8FCD-54B942386305}.Release|x64.Build.0 = Release|x64
		{027606B7-832A-4EF5-8FCD-54B942386305}.Release|x86.ActiveCfg = Release|Win32
		{027606B7-832A-4EF5-8FCD-54B942386305}.Release|x86.Build.0 = Release|Win32
		{122805CC-8875-48A7-AE1D-9898A40AE964}.Debug|x64.ActiveCfg = Debug|x64
		{122805CC-8875-48A7-AE1D-9898A40AE964}.Debug|x64.Build.0 = Debug|x64
		{122805CC-8875-48A7-AE1D-9898A40AE964}.Debug|x86.ActiveCfg = Debug|Win32
		{122805CC-8875-48A7-AE1D-9898A40AE964}.Debug|x86.Build.0 = Debug|Win32
		{122805CC-8875-48A7-AE1D-9898A40AE964}.Release|x64.ActiveCfg = Release|x64
		{122805CC-8875-48A7-AE1D-9898A40AE964}.Release|x64.Build.0 = Release|x64
		{122805CC-8875-48A7-AE1D-9898A40AE964}.Release|x86.ActiveCfg = Release|Win32
		{122805CC-8875-48A7-AE1D-9898A40AE964}.Release|x86.Build.0 = Release|Win32
		{D3B379B6-DAC6-49EC-A795-8B1D124945E2}.Debug|x64.ActiveCfg = Debug|x64
		{D3B379B6-DAC6-49EC-A795-8B1D124945E2}.Debug|x64.Build.0 = Debug|x64
		{D3B379B6-DAC6-49EC-A795-8B1D124945E2}.Debug|x86.ActiveCfg = Debug|Win32
		{D3B379B6-DAC6-49EC-A795-8B1D124945E2}.Debug|x86.Build.0 = Debug|Win32
		{D3B379B6-DAC6-49EC-A795-8B1D124945E2}.Release|x64.ActiveCfg = Release|x64
		{D3B379B6-DAC6-49EC-A795-8B1D124945E2}.Release|x64.Build.0 = Release|x64
		{D3B379B6-DAC6-49EC-A795-8B1D124945E2}.Release|x86.ActiveCfg = Release|Win32
		{D3B379B6-DAC6-49EC-A795-8B1D124945E2}.Release|x86.Build.0 = Release|Win32
		{12D148E7-99C9-4A91-9AFD-36A634611032}.Debug|x64.ActiveCfg = Debug|x64
		{12D148E7-99C9-4A91-9AFD-36A634611032}.Debug|x64.Build.0 = Debug|x64
		{12D148E7-99C9-4A91-9AFD-36A634611032}.Debug|x86.ActiveCfg = Debug|Win32
		{12D148E7-99C9-4A91-9AFD-36A634611032}.Debug|x86.Build.0 = Debug|Win32
		{12D148E7-99C9-4A91-9AFD-36A634611032}.Release|x64.ActiveCfg = Release|x64
		{12D148E7-99C9-4A91-9AFD-36A634611032}.Release|x64.Build.0 = Release|x64
		{12D148E7-99C9-4A91-9AFD-36A634611032}.Release|x86.ActiveCfg = Release|Win32
		{12D148E7-99C9-4A91-9AFD-36A634611032}.Release|x86.Build.0 = Release|Win32
		{85BD2505-E45A-477F-A29B-1080BDA96A2C}.Debug|x64.ActiveCfg = Debug|x64
		{85BD2505-E45A-477F-A29B-1080BDA96A2C}.Debug|x64.Build.0 = Debug|x64
		{85BD2505-E45A-477F-A29B-1080BDA96A2C}.Debug|x86.ActiveCfg = Debug|Win32
		{85BD2505-E45A-477F-A29B-1080BDA96A2C}.Debug|x86.Build.0 = Debug|Win32
		{85BD2505-E45A-477F-A29B-1080BDA96A2C}.Release|x64.ActiveCfg = Release|x64
		{85BD2505-E45A-477F-A29B-1080BDA96A2C}.Release|x64.Build.0 = Release|x64
		{85BD2505-E45A-477F-A29B-1080BDA96A2C}.Release|x86.ActiveCfg = Release|Win32
		{85BD2505-E45A-477F-A29B-1080BDA96A2C}.Release|x86.Build.0 = Release|Win32
		{DABF162C-5E5D-47D4-8F75-1523B645DBA0}.Debug|x64.ActiveCfg = Debug|x64
		{DABF162C-5E5D-47D4-8F75-1523B645DBA0}.Debug|x64.Build.0 = Debug|x64
		{DABF162C-5E5D-47D4-8F75-1523B645DBA0}.Debug|x86.ActiveCfg = Debug|Win32
		{DABF162C-5E5D-47D4-8F75-1523B645DBA0}.Debug|x86.Build.0 = Debug|Win32
		{DABF162C-5E5D-47D4-8F75-1523B645DBA0}.Release|x64.ActiveCfg = Release|x64
		{DABF162C-5E5D-47D4-8F75-1523B645DBA0}.Release|x64.Build.0 = Release|x64
		{DABF162C-5E5D-47D4-8F75-1523B645DBA0}.Release|x86.ActiveCfg = Release|Win32
		{DABF162C-5E5D-47D4-8F75-1523B645DBA0}.Release|x86.Build.0 = Release|Win32
		{818E5C4F-C572-48CF-A400-BB75DFD4A2F6}.Debug|x64.ActiveCfg = Debug|x64
		{818E5C4F-C572-48CF-A400-BB75DFD4A2F6}.Debug|x64.Build.0 = Debug|x64
		{818E5C4F-C572-48CF-A400-BB75DFD4A2F6}.Debug|x86.ActiveCfg = Debug|Win32
		{818E5C4F-C572-48CF-A400-BB75DFD4A2F6}.Debug|x86.Build.0 = Debug|Win32
		{818E5C4F-C572-48CF-A400-BB75DFD4A2F6}.Release|x64.ActiveCfg = Release|x64
		{818E5C4F-C572-48CF-A400-BB75DFD4A2F6}.Release|x64.Build.0 = Release|x64
		{818E5C4F-C572-48CF-A400-BB75DFD4A2F6}.Release|x86.ActiveCfg = Release|Win32
		{818E5C4F-C572-48CF-A400-BB75DFD4A2F6}.Release|x86.Build.0 = Release|Win32
		{87E635BF-2F1E-4FE9-A372-7A85F7DBFEBA}.Debug|x64.ActiveCfg = Debug|x64
		{87E635BF-2F1E-4FE9-A372-7A85F7DBFEBA}.Debug|x64.Build.0 = Debug|x64
		{87E635BF-2F1E-4FE9-A372-7A85F7DBFEBA}.Debug|x86.ActiveCfg = Debug|Win32
		{87E635BF-2F1E-4FE9-A372-7A85F7DBFEBA}.Debug|x86.Build.0 = Debug|Win32
		{87E635BF-2F1E-4FE9-A372-7A85F7DBFEBA}.Release|x64.ActiveCfg = Release|x64
		{87E635BF-2F1E-4FE9-A372-7A85F7DBFEBA}.Release|x64.Build.0 = Release|x64
		{87E635BF-2F1E-4FE9-A372-7A85F7DBFEBA}.Release|x86.ActiveCfg = Release|Win32
		{87E635BF-2F1E-4FE9-A372-7A85F7DBFEBA}.Release|x86.Build.0 = Release|Win32
		{79F107C1-905D-4BC4-B1C9-9F2DA3F16A76}.Debug|x64.ActiveCfg = Debug|x64
		{79F107C1-905D-4BC4-B1C9-9F2DA3F16A76}.Debug|x64.Build.0 = Debug|x64
		{79F107C1-905D-4BC4-B1C9-9F2DA3F16A76}.Debug|x86.ActiveCfg = Debug|Win32
		{79F107C1-905D-4BC4-B1C9-9F2DA3F16A76}.Debug|x86.Build.0 = Debug|Win32
		{79F107C1-905D-4BC4-B1C9-9F2DA3F16A76}.Release|x64.ActiveCfg = Release|x64
		{79F107C1-905D-4BC4-B1C9-9F2DA3F16A76}.Release|x64.Build.0 = Release|x64
		{79F107C1-905D-4BC4-B1C9-9F2DA3F16A76}.Release|x86.ActiveCfg = Release|Win32
		{79F107C1-905D-4BC4-B1C9-9F2DA3F16A76}.Release|x86.Build.0 = Release|Win32
		{DEC61B82-01B3-48EB-969E-2D8F60974942}.Debug|x64.ActiveCfg = Debug|x64
		{DEC61B82-01B3-48EB-969E-2D8F60974942}.Debug|x64.Build.0 = Debug|x64
		{DEC61B82-01B3-48EB-969E-2D8F60974942}.Debug|x86.ActiveCfg = Debug|Win32
		{DEC61B82-01B3-48EB-969E-2D8F60974942}.Debug|x86.Build.0 = Debug|Win32
		{DEC61B82-01B3-48EB-969E-2D8F60974942}.Release|x64.ActiveCfg = Release|x64
		{DEC61B82-01B3-48EB-969E-2D8F60974942}.Release|x64.Build.0 = Release|x64
		{DEC61B82-01B3-48EB-969E-2D8F60974942}.Release|x86.ActiveCfg = Release|Win32
		{DEC61B82-01B3-48EB-969E-2D8F60974942}.Release|x86.Build.0 = Release|Win32
		{013BC9BB-CB14-48E6-BDB0-B5D8AD4639B9}.Debug|x64.ActiveCfg = Debug|x64
		{013BC9BB-CB14-48E6-BDB0-B5D8AD4639B9}.Debug|x64.Build.0 = Debug|x64
		{013BC9BB-CB14-48E6-BDB0-B5D8AD4639B9}.Debug|x86.ActiveCfg = Debug|Win32
		{013BC9BB-CB14-48E6-BDB0-B5D8AD4639B9}.Debug|x86.Build.0 = Debug|Win32
		{013BC9BB-CB14-48E6-BDB0-B5D8AD4639B9}.Release|x64.ActiveCfg = Release|x64
		{013BC9BB-CB14-48E6-BDB0-B5D8AD4639B9}.Release|x64.Build.0 = Release|x64
		{013BC9BB-CB14-48E6-BDB0-B5D8AD4639B9}.Release|x86.ActiveCfg = Release|Win32
		{013BC9BB-CB14-48E6-BDB0-B5D8AD4639B9}.Release|x86.Build.0 = Release|Win32
		{DDE9B0D1-79AD-4082-B59F-95B6153BC272}.Debug|x64.ActiveCfg = Debug|x64
		{DDE9B0D1-79AD-4082-B59F-95B6153BC272}.Debug|x64.Build.0 = Debug|x64
		{DDE9B0D1-79AD-4082-B59F-95B6153BC272}.Debug|x86.ActiveCfg = Debug|Win32
		{DDE9B0D1-79AD-4082-B59F-95B6153BC272}.Debug|x86.Build.0 = Debug|Win32
		{DDE9B0D1-79AD-4082-B59F-95B6153BC272}.Release|x64.ActiveCfg = Release|x64
		{DDE9B0D1-79AD-4082-B59F-95B6153BC272}.Release|x64.Build.0 = Release|x64
		{DDE9B0D1-79AD-4082-B59F-95B6153BC272}.Release|x86.ActiveCfg = Release|Win32
		{DDE9B0D1-79AD-4082-B59F-95B6153BC272}.Release|x86.Build.0 = Release|Win32
		{37097C10-BA0C-429F-9249-72C6AE0E85E3}.Debug|x64.ActiveCfg = Debug|x64
		{37097C10-BA0C-429F-9249-72C6AE0E85E3}.Debug|x64.Build.0 = Debug|x64
		{37097C10-BA0C-429F-9249-72C6AE0E85E3}.Debug|x86.ActiveCfg = Debug|Win32
		{37097C10-BA0C-429F-9249-72C6AE0E85E3}.Debug|x86.Build.0 = Debug|Win32
		{37097C10-BA0C-429F-9249-72C6AE0E85E3}.Release|x64.ActiveCfg = Release|x64
		{37097C10-BA0C-429F-9249-72C6AE0E85E3}.Release|x64.Build.0 = Release|x64
		{37097C10-BA0C-429F-9249-72C6AE0E85E3}.Release|x86.ActiveCfg = Release|Win32
		{37097C10-BA0C-429F-9249-72C6AE0E85E3}.Release|x86.Build.0 = Release|Win32
		{A14BA6E2-BF23-45AE-A2B3-E00DA0BFC34D}.Debug|x64.ActiveCfg = Debug|x64
		{A14BA6E2-BF23-45AE-A2B3-E00DA0BFC34D}.Debug|x64.Build.0 = Debug|x64
		{A14BA6E2-BF23-45AE-A2B3-E00DA0BFC34D}.Debug|x86.ActiveCfg = Debug|Win32
		{A14BA6E2-BF23-45AE-A2B3-E00DA0BFC34D}.Debug|x86.Build.0 = Debug|Win32
		{A14BA6E2-BF23-45AE-A2B3-E00DA0BFC34D}.Release|x64.ActiveCfg = Release|x64
		{A14BA6E2-BF23-45AE-A2B3-E00DA0BFC34D}.Release|x64.Build.0 = Release|x64
		{A14BA6E2-BF23-45AE-A2B3-E00DA0BFC34D}.Release|x86.ActiveCfg = Release|Win32
		{A14BA6E2-BF23-45AE-A2B3-E00DA0BFC34D}.Release|x86.Build.0 = Release|Win32
		{3573AF62-555A-4021-B621-53CB428F4DB8}.Debug|x64.ActiveCfg = Debug|x64
		{3573AF62-555A-4021-B621-53CB428F4DB8}.Debug|x64.Build.0 = Debug|x64
		{3573AF62-555A-4021-B621-53CB428F4DB8}.Debug|x86.ActiveCfg = Debug|Win32
		{3573AF62-555A-4021-B621-53CB428F4DB8}.Debug|x86.Build.0 = Debug|Win32
		{3573AF62-555A-4021-B621-53CB428F4DB8}.Release|x64.ActiveCfg = Release|x64
		{3573AF62-555A-4021-B621-53CB428F4DB8}.Release|x64.Build.0 = Release|x64
		{3573AF62-555A-4021-B621-53CB428F4DB8}.Release|x86.ActiveCfg = Release|Win32
		{3573AF62-555A-4021-B621-53CB428F4DB8}.Release|x86.Build.0 = Release|Win32
		{EA5053A0-7ADF-46F8-A337-EA577A6DC5E6}.Debug|x64.ActiveCfg = Debug|x64
		{EA5053A0-7ADF-46F8-A337-EA577A6DC5E6}.Debug|x64.Build.0 = Debug|x64
		{EA5053A0-7ADF-46F8-A337-EA577A6DC5E6}.Debug|x86.ActiveCfg = Debug|Win32
		{EA5053A0-7ADF-46F8-A337-EA577A6DC5E6}.Debug|x86.Build.0 = Debug|Win32
		{EA5053A0-7ADF-46F8-A337-EA577A6DC5E6}.Release|x64.ActiveCfg = Release|x64
		{EA5053A0-7ADF-46F8-A337-EA577A6DC5E6}.Release|x64.Build.0 = Release|x64
		{EA5053A0-7ADF-46F8-A337-EA577A6DC5E6}.Release|x86.ActiveCfg = Release|Win32
		{EA5053A0-7ADF-46F8-A337-EA577A6DC5E6}.Release|x86.Build.0 = Release|Win32
		{D9134356-4CEB-458B-BAFF-0510D574F2E1}.Debug|x64.ActiveCfg = Debug|x64
		{D9134356-4CEB-458B-BAFF-0510D574F2E1}.Debug|x64.Build.0 = Debug|x64
		{D9134356-4CEB-458B-BAFF-0510D574F2E1}.Debug|x86.ActiveCfg = Debug|Win32
		{D9134356-4CEB-458B-BAFF-0510D574F2E1}.Debug|x86.Build.0 = Debug|Win32
		{D9134356-4CEB-458B-BAFF-0510D574F2E1}.Release|x64.ActiveCfg = Release|x64
		{D9134356-4CEB-458B-BAFF-0510D574F2E1}.Release|x64.Build.0 = Release|x64
		{D9134356-4CEB-458B-BAFF-0510D574F2E1}.Release|x86.ActiveCfg = Release|Win32
		{D9134356-4CEB-458B-BAFF-0510D574F2E1}.Release|x86.Build.0 = Release|Win32
		{B24ECB39-17A5-4756-84AB-D8B01812F986}.Debug|x64.ActiveCfg = Debug|x64
		{B24ECB39-17A5-4756-84AB-D8B01812F986}.Debug|x64.Build.0 = Debug|x64
		{B24ECB39-17A5-4756-84AB-D8B01812F986}.Debug|x86.ActiveCfg = Debug|Win32
		{B24ECB39-17A5-4756-84AB-D8B01812F986}.Debug|x86.Build.0 = Debug|Win32
		{B24ECB39-17A5-4756-84AB-D8B01812F986}.Release|x64.ActiveCfg = Release|x64
		{B24ECB39-17A5-4756-84AB-D8B01812F986}.Release|x64.Build.0 = Release|x64
		{B24ECB39-17A5-4756-84AB-D8B01812F986}.Release|x86.ActiveCfg = Release|Win32
		{B24ECB39-17A5-4756-84AB-D8B01812F986}.Release|x86.Build.0 = Release|Win32
		{64FB50F8-46FC-4E03-B009-14E5B813287F}.Debug|x64.ActiveCfg = Debug|x64
		{64FB50F8-46FC-4E03-B009-14E5B813287F}.Debug|x64.Build.0 = Debug|x64
		{64FB50F8-46FC-4E03-B009-14E5B813287F}.Debug|x86.ActiveCfg = Debug|Win32
		{64FB50F8-46FC-4E03-B009-14E5B813287F}.Debug|x86.Build.0 = Debug|Win32
		{64FB50F8-46FC-4E03-B009-14E5B813287F}.Release|x64.ActiveCfg = Release|x64
		{64FB50F8-46FC-4E03-B009-14E5B813287F}.Release|x64.Build.0 = Release|x64
		{64FB50F8-46FC-4E03-B009-14E5B813287F}.Release|x86.ActiveCfg = Release|Win32
		{64FB50F8-46FC-4E03-B009-14E5B813287F}.Release|x86.Build.0 = Release|Win32
		{43D292ED-99F0-4EE7-AC6C-0FC659BD4881}.Debug|x64.ActiveCfg = Debug|x64
		{43D292ED-99F0-4EE7-AC6C-0FC659BD4881}.Debug|x64.Build.0 = Debug|x64
		{43D292ED-99F0-4EE7-AC6C-0FC659BD4881}.Debug|x86.ActiveCfg = Debug|Win32
		{43D292ED-99F0-4EE7-AC6C-0FC659BD4881}.Debug|x86.Build.0 = Debug|Win32
		{43D292ED-99F0-4EE7-AC6C-0FC659BD4881}.Release|x64.ActiveCfg = Release|x64
		{43D292ED-99F0-4EE7-AC6C-0FC659BD4881}.Release|x64.Build.0 = Release|x64
		{43D292ED-99F0-4EE7-AC6C-0FC659BD4881}.Release|x86.ActiveCfg = Release|Win32
		{43D292ED-99F0-4EE7-AC6C-0FC659BD4881}.Release|x86.Build.0 = Release|Win32
		{6E851516-09FA-4C92-9957-5B85F648544F}.Debug|x64.ActiveCfg = Debug|x64
		{6E851516-09FA-4C92-9957-5B85F648544F}.Debug|x64.Build.0 = Debug|x64
		{6E851516-09FA-4C92-9957-5B85F648544F}.Debug|x86.ActiveCfg = Debug|Win32
		{6E851516-09FA-4C92-9957-5B85F648544F}.Debug|x86.Build.0 = Debug|Win32
		{6E851516-09FA-4C92-9957-5B85F648544F}.Release|x64.ActiveCfg = Release|x64
		{6E851516-09FA-4C92-9957-5B85F648544F}.Release|x64.Build.0 = Release|x64
		{6E851516-09FA-4C92-9957-5B85F648544F}.Release|x86.ActiveCfg = Release|Win32
		{6E851516-09FA-4C92-9957-5B85F648544F}.Release|x86.Build.0 = Release|Win32
		{3F93E2B5-636B-4E92-9718-52597391CF79}.Debug|x64.ActiveCfg = Debug|x64
		{3F93E2B5-636B-4E92-9718-52597391CF79}.Debug|x64.Build.0 = Debug|x64
		{3F93E2B5-636B-4E92-9718-52597391CF79}.Debug|x86.ActiveCfg = Debug|Win32
		{3F93E2B5-636B-4E92-9718-52597391CF79}.Debug|x86.Build.0 = Debug|Win32
		{3F93E2B5-636B-4E92-9718-52597391CF79}.Release|x64.ActiveCfg = Release|x64
		{3F93E2B5-636B-4E92-9718-52597391CF79}.Release|x64.Build.0 = Release|x64
		{3F93E2B5-636B-4E92-9718-52597391CF79}.Release|x86.ActiveCfg = Release|Win32
		{3F93E2B5-636B-4E92-9718-52597391CF79}.Release|x86.Build.0 = Release|Win32
		{7A944506-FA0A-4C56-AC6C-E903A341AE95}.Debug|x64.ActiveCfg = Debug|x64
		{7A944506-FA0A-4C56-AC6C-E903A341AE95}.Debug|x64.Build.0 = Debug|x64
		{7A944506-FA0A-4C56-AC6C-E903A341AE95}.Debug|x86.ActiveCfg = Debug|Win32
		{7A944506-FA0A-4C56-AC6C-E903A341AE95}.Debug|x86.Build.0 = Debug|Win32
		{7A944506-FA0A-4C56-AC6C-E903A341AE95}.Release|x64.ActiveCfg = Release|x64
		{7A944506-FA0A-4C56-AC6C-E903A341AE95}.Release|x64.Build.0 = Release|x64
		{7A944506-FA0A-4C56-AC6C-E903A341AE95}.Release|x86.ActiveCfg = Release|Win32
		{7A944506-FA0A-4C56-AC6C-E903A341AE95}.Release|x86.Build.0 = Release|Win32
		{4C96C5BA-8382-4A2B-8FE6-84A26384189C}.Debug|x64.ActiveCfg = Debug|x64
		{4C96C5BA-8382-4A2B-8FE6-84A26384189C}.Debug|x64.Build.0 = Debug|x64
		{4C96C5BA-8382-4A2B-8FE6-84A26384189C}.Debug|x86.ActiveCfg = Debug|Win32
		{4C96C5BA-8382-4A2B-8FE6-84A26384189C}.Debug|x86.Build.0 = Debug|Win32
		{4C96C5BA-8382-4A2B-8FE6-84A26384189C}.Release|x64.ActiveCfg = Release|x64
		{4C96C5BA-8382-4A2B-8FE6-84A26384189C}.Release|x64.Build.0 = Release|x64
		{4C96C5BA-8382-4A2B-8FE6-84A26384189C}.Release|x86.ActiveCfg = Release|Win32
		{4C96C5BA-8382-4A2B-8FE6-84A26384189C}.Release|x86.Build.0 = Release|Win32
		{2FDE0945-4A53-4D12-B739-0EDF38912ABA}.Debug|x64.ActiveCfg = Debug|x64
		{2FDE0945-4A53-4D12-B739-0EDF38912ABA}.Debug|x64.Build.0 = Debug|x64
		{2FDE0945-4A53-4D12-B739-0EDF38912ABA}.Debug|x86.ActiveCfg = Debug|Win32
		{2FDE0945-4A53-4D12-B739-0EDF38912ABA}.Debug|x86.Build.0 = Debug|Win32
		{2FDE0945-4A53-4D12-B739-0EDF38912ABA}.Release|x64.ActiveCfg = Release|x64
		{2FDE0945-4A53-4D12-B739-0EDF38912ABA}.Release|x64.Build.0 = Release|x64
		{2FDE0945-4A53-4D12-B739-0EDF38912ABA}.Release|x86.ActiveCfg = Release|Win32
		{2FDE0945-4A53-4D12-B739-0EDF38912ABA}.Release|x86.Build.0 = Release|Win32
		{34A6F4A0-8FB2-4D96-AE79-254A1585EF53}.Debug|x64.ActiveCfg = Debug|x64
		{34A6F4A0-8FB2-4D96-AE79-254A1585EF53}.Debug|x64.Build.0 = Debug|x64
		{34A6F4A0-8FB2-4D96-AE79-254A1585EF53}.Debug|x86.ActiveCfg = Debug|Win32
		{34A6F4A0-8FB2-4D96-AE79-254A1585EF53}.Debug|x86.Build.0 = Debug|Win32
		{34A6F4A0-8FB2-4D96-AE79-254A1585EF53}.Release|x64.ActiveCfg = Release|x64
		{34A6F4A0-8FB2-4D96-AE79-254A1585EF53}.Release|x64.Build.0 = Release|x64
		{34A6F4A0-8FB2-4D96-AE79-254A1585EF53}.Release|x86.ActiveCfg = Release|Win32
		{34A6F4A0-8FB2-4D96-AE79-254A1585EF53}.Release|x86.Build.0 = Release|Win32
		{54985643-7052-4274-97A8-F0EB5649C27E}.Debug|x64.ActiveCfg = Debug|x64
		{54985643-7052-4274-97A8-F0EB5649C27E}.Debug|x64.Build.0 = Debug|x64
		{54985643-7052-4274-97A8-F0EB5649C27E}.Debug|x86.ActiveCfg = Debug|Win32
		{54985643-7052-4274-97A8-F0EB5649C27E}.Debug|x86.Build.0 = Debug|Win32
		{54985643-7052-4274-97A8-F0EB5649C27E}.Release|x64.ActiveCfg = Release|x64
		{54985643-7052-4274-97A8-F0EB5649C27E}.Release|x64.Build.0 = Release|x64
		{54985643-7052-4274-97A8-F0EB5649C27E}.Release|x86.ActiveCfg = Release|Win32
		{54985643-7052-4274-97A8-F0EB5649C27E}.Release|x86.Build.0 = Release|Win32
		{FA29FE79-9FA1-482C-9A35-EDC17B6C1640}.Debug|x64.ActiveCfg = Debug|x64
		{FA29FE79-9FA1-482C-9A35-EDC17B6C1640}.Debug|x64.Build.0 = Debug|x64
		{FA29FE79-9FA1-482C-9A35-EDC17B6C1640}.Debug|x86.ActiveCfg = Debug|Win32
		{FA29FE79-9FA1-482C-9A35-EDC17B6C1640}.Debug|x86.Build.0 = Debug|Win32
		{FA29FE79-9FA1-482C-9A35-EDC17B6C1640}.Release|x64.ActiveCfg = Release|x64
		{FA29FE79-9FA1-482C-9A35-EDC17B6C1640}.Release|x64.Build.0 = Release|x64
		{FA29FE79-9FA1-482C-9A35-EDC17B6C1640}.Release|x86.ActiveCfg = Release|Win32
		{FA29FE79-9FA1-482C-9A35-EDC17B6C1640}.Release|x86.Build.0 = Release|Win32
		{EDE06588-A97E-4B69-BF98-70BF441A0B46}.Debug|x64.ActiveCfg = Debug|x64
		{EDE06588-A97E-4B69-BF98-70BF441A0B46}.Debug|x64.Build.0 = Debug|x64
		{EDE06588-A97E-4B69-BF98-70BF441A0B46}.Debug|x86.ActiveCfg = Debug|Win32
		{EDE06588-A97E-4B69-BF98-70BF441A0B46}.Debug|x86.Build.0 = Debug|Win32
		{EDE06588-A97E-4B69-BF98-70BF441A0B46}.Release|x64.ActiveCfg = Release|x64
		{EDE06588-A97E-4B69-BF98-70BF441A0B46}.Release|x64.Build.0 = Release|x64
		{EDE06588-A97E-4B69-BF98-70BF441A0B46}.Release|x86.ActiveCfg = Release|Win32
		{EDE06588-A97E-4B69-BF98-70BF441A0B46}.Release|x86.Build.0 = Release|Win32
		{121A0F7F-FFB7-4DF9-8B48-B7789D13A221}.Debug|x64.ActiveCfg = Debug|x64
		{121A0F7F-FFB7-4DF9-8B48-B7789D13A221}.Debug|x64.Build.0 = Debug|x64
		{121A0F7F-FFB7-4DF9-8B48-B7789D13A221}.Debug|x86.ActiveCfg = Debug|Win32
		{121A0F7F-FFB7-4DF9-8B48-B7789D13A221}.Debug|x86.Build.0 = Debug|Win32
		{121A0F7F-FFB7-4DF9-8B48-B7789D13A221}.Release|x64.ActiveCfg = Release|x64
		{121A0F7F-FFB7-4DF9-8B48-B7789D13A221}.Release|x64.Build.0 = Release|x64
		{121A0F7F-FFB7-4DF9-8B48-B7789D13A221}.Release|x86.ActiveCfg = Release|Win32
		{121A0F7F-FFB7-4DF9-8B48-B7789D13A221}.Release|x86.Build.0 = Release|Win32
		{9EE25BCC-23CB-4269-A1A1-8A1F2EBCD86C}.Debug|x64.ActiveCfg = Debug|x64
		{9EE25BCC-23CB-4269-A1A1-8A1F2EBCD86C}.Debug|x64.Build.0 = Debug|x64
		{9EE25BCC-23CB-4269-A1A1-8A1F2EBCD86C}.Debug|x86.ActiveCfg = Debug|Win32
		{9EE25BCC-23CB-4269-A1A1-8A1F2EBCD86C}.Debug|x86.Build.0 = Debug|Win32
		{9EE25BCC-23CB-4269-A1A1-8A1F2EBCD86C}.Release|x64.ActiveCfg = Release|x64
		{9EE25BCC-23CB-4269-A1A1-8A1F2EBCD86C}.Release|x64.Build.0 = Release|x64
		{9EE25BCC-23CB-4269-A1A1-8A1F2EBCD86C}.Release|x86.ActiveCfg = Release|Win32
		{9EE25BCC-23CB-4269-A1A1-8A1F2EBCD86C}.Release|x86.Build.0 = Release|Win32
		{A73001EE-075C-4B66-B5E7-E03A53CAE783}.Debug|x64.ActiveCfg = Debug|x64
		{A73001EE-075C-4B66-B5E7-E03A53CAE783}.Debug|x64.Build.0 = Debug|x64
		{A73001EE-075C-4B66-B5E7-E03A53CAE783}.Debug|x86.ActiveCfg = Debug|Win32
		{A73001EE-075C-4B66-B5E7-E03A53CAE783}.Debug|x86.Build.0 = Debug|Win32
		{A73001EE-075C-4B66-B5E7-E03A53CAE783}.Release|x64.ActiveCfg = Release|x64
		{A73001EE-075C-4B66-B5E7-E03A53CAE783}.Release|x64.Build.0 = Release|x64
		{A73001EE-075C-4B66-B5E7-E03A53CAE783}.Release|x86.ActiveCfg = Release|Win32
		{A73001EE-075C-4B66-B5E7-E03A53CAE783}.Release|x86.Build.0 = Release|Win32
		{ECF00BF6-0920-42FC-94A5-517AFF73799E}.Debug|x64.ActiveCfg = Debug|x64
		{ECF00BF6-0920-42FC-94A5-517AFF73799E}.Debug|x64.Build.0 = Debug|x64
		{ECF00BF6-0920-42FC-94A5-517AFF73799E}.Debug|x86.ActiveCfg = Debug|Win32
		{ECF00BF6-0920-42FC-94A5-517AFF73799E}.Debug|x86.Build.0 = Debug|Win32
		{ECF00BF6-0920-42FC-94A5-517AFF73799E}.Release|x64.ActiveCfg = Release|x64
		{ECF00BF6-0920-42FC-94A5-517AFF73799E}.Release|x64.Build.0 = Release|x64
		{ECF00BF6-0920-42FC-94A5-517AFF73799E}.Release|x86.ActiveCfg = Release|Win32
		{ECF00BF6-0920-42FC-94A5-517AFF73799E}.Release|x86.Build.0 = Release|Win32
		{667BAC88-9964-4385-A403-7E11F5A0DEEB}.Debug|x64.ActiveCfg = Debug|x64
		{667BAC88-9964-4385-A403-7E11F5A0DEEB}.Debug|x64.Build.0 = Debug|x64
		{667BAC88-9964-4385-A403-7E11F5A0DEEB}.Debug|x86.ActiveCfg = Debug|Win32
		{667BAC88-9964-4385-A403-7E11F5A0DEEB}.Debug|x86.Build.0 = Debug|Win32
		{667BAC88-9964-4385-A403-7E11F5A0DEEB}.Release|x64.ActiveCfg = Release|x64
		{667BAC88-9964-4385-A403-7E11F5A0DEEB}.Release|x64.Build.0 = Release|x64
		{667BAC88-9964-4385-A403-7E11F5A0DEEB}.Release|x86.ActiveCfg = Release|Win32
		{667BAC88-9964-4385-A403-7E11F5A0DEEB}.Release|x86.Build.0 = Release|Win32
		{09DE250B-454D-4BDB-98C4-90C660E1AF0E}.Debug|x64.ActiveCfg = Debug|x64
		{09DE250B-454D-4BDB-98C4-90C660E1AF0E}.Debug|x64.Build.0 = Debug|x64
		{09DE250B-454D-4BDB-98C4-90C660E1AF0E}.Debug|x86.ActiveCfg = Debug|Win32
		{09DE250B-454D-4BDB-98C4-90C660E1AF0E}.Debug|x86.Build.0 = Debug|Win32
		{09DE250B-454D-4BDB-98C4-90C660E1AF0E}.Release|x64.ActiveCfg = Release|x64
		{09DE250B-454D-4BDB-98C4-90C660E1AF0E}.Release|x64.Build.0 = Release|x64
		{09DE250B-454D-4BDB-98C4-90C660E1AF0E}.Release|x86.ActiveCfg = Release|Win32
		{09DE250B-454D-4BDB-98C4-90C660E1AF0E}.Release|x86.Build.0 = Release|Win32
		{15CC3BF2-5EA0-4737-B5AC-5FED279EFE77}.Debug|x64.ActiveCfg = Debug|x64
		{15CC3BF2-5EA0-4737-B5AC-5FED279EFE77}.Debug|x64.Build.0 = Debug|x64
		{15CC3BF2-5EA0-4737-B5AC-5FED279EFE77}.Debug|x86.ActiveCfg = Debug|Win32
		{15CC3BF2-5EA0-4737-B5AC-5FED279EFE77}.Debug|x86.Build.0 = Debug|Win32
		{15CC3BF2-5EA0-4737-B5AC-5FED279EFE77}.Release|x64.ActiveCfg = Release|x64
		{15CC3BF2-5EA0-4737-B5AC-5FED279EFE77}.Release|x64.Build.0 = Release|x64
		{15CC3BF2-5EA0-4737-B5AC-5FED279EFE77}.Release|x86.ActiveCfg = Release|Win32
		{15CC3BF2-5EA0-4737-B5AC-5FED279EFE77}.Release|x86.Build.0 = Release|Win32
		{2EBFD127-85B4-4485-927E-D57DAE0642FC}.Debug|x64.ActiveCfg = Debug|x64
		{2EBFD127-85B4-4485-927E-D57DAE0642FC}.Debug|x64.Build.0 = Debug|x64
		{2EBFD127-85B4-4485-927E-D57DAE0642FC}.Debug|x86.ActiveCfg = Debug|Win32
		{2EBFD127-85B4-4485-927E-D57DAE0642FC}.Debug|x86.Build.0 = Debug|Win32
		{2EBFD127-85B4-4485-927E-D57DAE0642FC}.Release|x64.ActiveCfg = Release|x64
		{2EBFD127-85B4-4485-927E-D57DAE0642FC}.Release|x64.Build.0 = Release|x64
		{2EBFD127-85B4-4485-927E-D57DAE0642FC}.Release|x86.ActiveCfg = Release|Win32
		{2EBFD127-85B4-4485-927E-D57DAE0642FC}.Release|x86.Build.0 = Release|Win32
		{D0529538-7C64-4560-9486-A2D144C66799}.Debug|x64.ActiveCfg = Debug|x64
		{D0529538-7C64-4560-9486-A2D144C66799}.Debug|x64.Build.0 = Debug|x64
		{D0529538-7C64-4560-9486-A2D144C66799}.Debug|x86.ActiveCfg = Debug|Win32
		{D0529538-7C64-4560-9486-A2D144C66799}.Debug|x86.Build.0 = Debug|Win32
		{D0529538-7C64-4560-9486-A2D144C66799}.Release|x64.ActiveCfg = Release|x64
		{D0529538-7C64-4560-9486-A2D144C66799}.Release|x64.Build.0 = Release|x64
		{D0529538-7C64-4560-9486-A2D144C66799}.Release|x86.ActiveCfg = Release|Win32
		{D0529538-7C64-4560-9486-A2D144C66799}.Release|x86.Build.0 = Release|Win32
		{75B38EC1-F549-4FF0-9139-CF7F9214D1C9}.Debug|x64.ActiveCfg = Debug|x64
		{75B38EC1-F549-4FF0-9139-CF7F9214D1C9}.Debug|x64.Build.0 = Debug|x64
		{75B38EC1-F549-4FF0-9139-CF7F9214D1C9}.Debug|x86.ActiveCfg = Debug|Win32
		{75B38EC1-F549-4FF0-9139-CF7F9214D1C9}.Debug|x86.Build.0 = Debug|Win32
		{75B38EC1-F549-4FF0-9139-CF7F9214D1C9}.Release|x64.ActiveCfg = Release|x64
		{75B38EC1-F549-4FF0-9139-CF7F9214D1C9}.Release|x64.Build.0 = Release|x64
		{75B38EC1-F549-4FF0-9139-CF7F9214D1C9}.Release|x86.ActiveCfg = Release|Win32
		{75B38EC1-F549-4FF0-9139-CF7F9214D1C9}.Release|x86.Build.0 = Release|Win32
		{D0B01D13-2BE5-4F22-AC76-1F27F097D23E}.Debug|x64.ActiveCfg = Debug|x64
		{D0B01D13-2BE5-4F22-AC76-1F27F097D23E}.Debug|x64.Build.0 = Debug|x64
		{D0B01D13-2BE5-4F22-AC76-1F27F097D23E}.Debug|x86.ActiveCfg = Debug|Win32
		{D0B01D13-2BE5-4F22-AC76-1F27F097D23E}.Debug|x86.Build.0 = Debug|Win32
		{D0B01D13-2BE5-4F22-AC76-1F27F097D23E}.Release|x64.ActiveCfg = Release|x64
		{D0B01D13-2BE5-4F22-AC76-1F27F097D23E}.Release|x64.Build.0 = Release|x64
		{D0B01D13-2BE5-4F22-AC76-1F27F097D23E}.Release|x86.ActiveCfg = Release|Win32
		{D0B01D13-2BE5-4F22-AC76-1F27F097D23E}.Release|x86.Build.0 = Release|Win32
		{850D7E79-BBCB-4040-AE53-68D7D2CF3397}.Debug|x64.ActiveCfg = Debug|x64
		{850D7E79-BBCB-4040-AE53-68D7D2CF3397}.Debug|x64.Build.0 = Debug|x64
		{850D7E79-BBCB-4040-AE53-68D7D2CF3397}.Debug|x86.ActiveCfg = Debug|Win32
		{850D7E79-BBCB-4040-AE53-68D7D2CF3397}.Debug|x86.Build.0 = Debug|Win32
		{850D7E79-BBCB-4040-AE53-68D7D2CF3397}.Release|x64.ActiveCfg = Release|x64
		{850D7E79-BBCB-4040-AE53-68D7D2CF3397}.Release|x64.Build.0 = Release|x64
		{850D7E79-BBCB-4040-AE53-68D7D2CF3397}.Release|x86.ActiveCfg = Release|Win32
		{850D7E79-BBCB-4040-AE53-68D7D2CF3397}.Release|x86.Build.0 = Release|Win32
		{47BCAF73-AD39-4D98-AB90-76F11B3867EA}.Debug|x64.ActiveCfg = Debug|x64
		{47BCAF73-AD39-4D98-AB90-76F11B3867EA}.Debug|x64.Build.0 = Debug|x64
		{47BCAF73-AD39-4D98-AB90-76F11B3867EA}.Debug|x86.ActiveCfg = Debug|Win32
		{47BCAF73-AD39-4D98-AB90-76F11B3867EA}.Debug|x86.Build.0 = Debug|Win32
		{47BCAF73-AD39-4D98-AB90-76F11B3867EA}.Release|x64.ActiveCfg = Release|x64
		{47BCAF73-AD39-4D98-AB90-76F11B3867EA}.Release|x64.Build.0 = Release|x64
		{47BCAF73-AD39-4D98-AB90-76F11B3867EA}.Release|x86.ActiveCfg = Release|Win32
		{47BCAF73-AD39-4D98-AB90-76F11B3867EA}.Release|x86.Build.0 = Release|Win32
		{0A1422C7-90C9-4290-8E3A-01EDADADB621}.Debug|x64.ActiveCfg = Debug|x64
		{0A1422C7-90C9-4290-8E3A-01EDADADB621}.Debug|x64.Build.0 = Debug|x64
		{0A1422C7-90C9-4290-8E3A-01EDADADB621}.Debug|x86.ActiveCfg = Debug|Win32
		{0A1422C7-90C9-4290-8E3A-01EDADADB621}.Debug|x86.Build.0 = Debug|Win32
		{0A1422C7-90C9-4290-8E3A-01EDADADB621}.Release|x64.ActiveCfg = Release|x64
		{0A1422C7-90C9-4290-8E3A-01EDADADB621}.Release|x64.Build.0 = Release|x64
		{0A1422C7-90C9-4290-8E3A-01EDADADB621}.Release|x86.ActiveCfg = Release|Win32
		{0A1422C7-90C9-4290-8E3A-01EDADADB621}.Release|x86.Build.0 = Release|Win32
		{088A2540-ED5D-4235-8164-3D62F8D89486}.Debug|x64.ActiveCfg = Debug|x64
		{088A2540-ED5D-4235-8164-3D62F8D89486}.Debug|x64.Build.0 = Debug|x64
		{088A2540-ED5D-4235-8164-3D62F8D89486}.Debug|x86.ActiveCfg = Debug|Win32
		{088A2540-ED5D-4235-8164-3D62F8D89486}.Debug|x86.Build.0 = Debug|Win32
		{088A2540-ED5D-4235-8164-3D62F8D89486}.Release|x64.ActiveCfg = Release|x64
		{088A2540-ED5D-4235-8164-3D62F8D89486}.Release|x64.Build.0 = Release|x64
		{088A2540-ED5D-4235-8164-3D62F8D89486}.Release|x86.ActiveCfg = Release|Win32
		{088A2540-ED5D-4235-8164-3D62F8D89486}.Release|x86.Build.0 = Release|Win32
		{C202EA03-C83E-4EDB-82CE-C1ED5642D65C}.Debug|x64.ActiveCfg = Debug|x64
		{C202EA03-C83E-4EDB-82CE-C1ED5642D65C}.Debug|x64.Build.0 = Debug|x64
		{C202EA03-C83E-4EDB-82CE-C1ED5642D65C}.Debug|x86.ActiveCfg = Debug|Win32
		{C202EA03-C83E-4EDB-82CE-C1ED5642D65C}.Debug|x86.Build.0 = Debug|Win32
		{C202EA03-C83E-4EDB-82CE-C1ED5642D65C}.Release|x64.ActiveCfg = Release|x64
		{C202EA03-C83E-4EDB-82CE-C1ED5642D65C}.Release|x64.Build.0 = Release|x64
		{C202EA03-C83E-4EDB-82CE-C1ED5642D65C}.Release|x86.ActiveCfg = Release|Win32
		{C202EA03-C83E-4EDB-82CE-C1ED5642D65C}.Release|x86.Build.0 = Release|Win32
		{5D4244CC-2349-4054-BF05-26829B671640}.Debug|x64.ActiveCfg = Debug|x64
		{5D4244CC-2349-4054-BF05-26829B671640}.Debug|x64.Build.0 = Debug|x64
		{5D4244CC-2349-4054-BF05-26829B671640}.Debug|x86.ActiveCfg = Debug|Win32
		{5D4244CC-2349-4054-BF05-26829B671640}.Debug|x86.Build.0 = Debug|Win32
		{5D4244CC-2349-4054-BF05-26829B671640}.Release|x64.ActiveCfg = Release|x64
		{5D4244CC-2349-4054-BF05-26829B671640}.Release|x64.Build.0 = Release|x64
		{5D4244CC-2349-4054-BF05-26829B671640}.Release|x86.ActiveCfg = Release|Win32
		{5D4244CC-2349-4054-BF05-26829B671640}.Release|x86.Build.0 = Release|Win32
		{BF173A68-F359-409C-806C-4F20B3947772}.Debug|x64.ActiveCfg = Debug|x64
		{BF173A68-F359-409C-806C-4F20B3947772}.Debug|x64.Build.0 = Debug|x64
		{BF173A68-F359-409C-806C-4F20B3947772}.Debug|x86.ActiveCfg = Debug|Win32
		{BF173A68-F359-409C-806C-4F20B3947772}.Debug|x86.Build.0 = Debug|Win32
		{BF173A68-F359-409C-806C-4F20B3947772}.Release|x64.ActiveCfg = Release|x64
		{BF173A68-F359-409C-806C-4F20B3947772}.Release|x64.Build.0 = Release|x64
		{BF173A68-F359-409C-806C-4F20B3947772}.Release|x86.ActiveCfg = Release|Win32
		{BF173A68-F359-409C-806C-4F20B3947772}.Release|x86.Build.0 = Release|Win32
		{B0E638C0-9FAA-4578-B997-B81A5ACA470E}.Debug|x64.ActiveCfg = Debug|x64
		{B0E638C0-9FAA-4578-B997-B81A5ACA470E}.Debug|x64.Build.0 = Debug|x64
		{B0E638C0-9FAA-4578-B997-B81A5ACA470E}.Debug|x86.ActiveCfg = Debug|Win32
		{B0E638C0-9FAA-4578-B997-B81A5ACA470E}.Debug|x86.Build.0 = Debug|Win32
		{B0E638C0-9FAA-4578-B997-B81A5ACA470E}.Release|x64.ActiveCfg = Release|x64
		{B0E638C0-9FAA-4578-B997-B81A5ACA470E}.Release|x64.Build.0 = Release|x64
		{B0E638C0-9FAA-4578-B997-B81A5ACA470E}.Release|x86.ActiveCfg = Release|Win32
		{B0E638C0-9FAA-4578-B997-B81A5ACA470E}.Release|x86.Build.0 = Release|Win32
		{7C1F554A-4FE6-45D5-B58A-327C23D924AB}.Debug|x64.ActiveCfg = Debug|x64
		{7C1F554A-4FE6-45D5-B58A-327C23D924AB}.Debug|x64.Build.0 = Debug|x64
		{7C1F554A-4FE6-45D5-B58A-327C23D924AB}.Debug|x86.ActiveCfg = Debug|Win32
		{7C1F554A-4FE6-45D5-B58A-327C23D924AB}.Debug|x86.Build.0 = Debug|Win32
		{7C1F554A-4FE6-45D5-B58A-327C23D924AB}.Release|x64.ActiveCfg = Release|x64
		{7C1F554A-4FE6-45D5-B58A-327C23D924AB}.Release|x64.Build.0 = Release|x64
		{7C1F554A-4FE6-45D5-B58A-327C23D924AB}.Release|x86.ActiveCfg = Release|Win32
		{7C1F554A-4FE6-45D5-B58A-327C23D924AB}.Release|x86.Build.0 = Release|Win32
		{314C6166-0575-4DBE-BDB4-D884D3F1E714}.Debug|x64.ActiveCfg = Debug|x64
		{314C6166-0575-4DBE-BDB4-D884D3F1E714}.Debug|x64.Build.0 = Debug|x64
		{314C6166-0575-4DBE-BDB4-D884D3F1E714}.Debug|x86.ActiveCfg = Debug|Win32
		{314C6166-0575-4DBE-BDB4-D884D3F1E714}.Debug|x86.Build.0 = Debug|Win32
		{314C6166-0575-4DBE-BDB4-D884D3F1E714}.Release|x64.ActiveCfg = Release|x64
		{314C6166-0575-4DBE-BDB4-D884D3F1E714}.Release|x64.Build.0 = Release|x64
		{314C6166-0575-4DBE-BDB4-D884D3F1E714}.Release|x86.ActiveCfg = Release|Win32
		{314C6166-0575-4DBE-BDB4-D884D3F1E714}.Release|x86.Build.0 = Release|Win32
		{CC57391A-476C-46B6-BF71-406C6AC7DF1C}.Debug|x64.ActiveCfg = Debug|x64
		{CC57391A-476C-46B6-BF71-406C6AC7DF1C}.Debug|x64.Build.0 = Debug|x64
		{CC57391A-476C-46B6-BF71-406C6AC7DF1C}.Debug|x86.ActiveCfg = Debug|Win32
		{CC57391A-476C-46B6-BF71-406C6AC7DF1C}.Debug|x86.Build.0 = Debug|Win32
		{CC57391A-476C-46B6-BF71-406C6AC7DF1C}.Release|x64.ActiveCfg = Release|x64
		{CC57391A-476C-46B6-BF71-406C6AC7DF1C}.Release|x64.Build.0 = Release|x64
		{CC57391A-476C-46B6-BF71-406C6AC7DF1C}.Release|x86.ActiveCfg = Release|Win32
		{CC57391A-476C-46B6-BF71-406C6AC7DF1C}.Release|x86.Build.0 = Release|Win32
		{8347AA87-54A8-4518-A269-DE8E6E41CA68}.Debug|x64.ActiveCfg = Debug|x64
		{8347AA87-54A8-4518-A269-DE8E6E41CA68}.Debug|x64.Build.0 = Debug|x64
		{8347AA87-54A8-4518-A269-DE8E6E41CA68}.Debug|x86.ActiveCfg = Debug|Win32
		{8347AA87-54A8-4518-A269-DE8E6E41CA68}.Debug|x86.Build.0 = Debug|Win32
		{8347AA87-54A8-4518-A269-DE8E6E41CA68}.Release|x64.ActiveCfg = Release|x64
		{8347AA87-54A8-4518-A269-DE8E6E41CA68}.Release|x64.Build.0 = Release|x64
		{8347AA87-54A8-4518-A269-DE8E6E41CA68}.Release|x86.ActiveCfg = Release|Win32
		{8347AA87-54A8-4518-A269-DE8E6E41CA68}.Release|x86.Build.0 = Release|Win32
		{7CBCA587-2B2A-4222-A7E6-CF538D159285}.Debug|x64.ActiveCfg = Debug|x64
		{7CBCA587-2B2A-4222-A7E6-CF538D159285}.Debug|x64.Build.0 = Debug|x64
		{7CBCA587-2B2A-4222-A7E6-CF538D159285}.Debug|x86.ActiveCfg = Debug|Win32
		{7CBCA587-2B2A-4222-A7E6-CF538D159285}.Debug|x86.Build.0 = Debug|Win32
		{7CBCA587-2B2A-4222-A7E6-CF538D159285}.Release|x64.ActiveCfg = Release|x64
		{7CBCA587-2B2A-4222-A7E6-CF538D159285}.Release|x64.Build.0 = Release|x64
		{7CBCA587-2B2A-4222-A7E6-CF538D159285}.Release|x86.ActiveCfg = Release|Win32
		{7CBCA587-2B2A-4222-A7E6-CF538D159285}.Release|x86.Build.0 = Release|Win32
		{84D5F34A-D217-4E72-86FE-D099F6688784}.Debug|x64.ActiveCfg = Debug|x64
		{84D5F34A-D217-4E72-86FE-D099F6688784}.Debug|x64.Build.0 = Debug|x64
		{84D5F34A-D217-4E72-86FE-D099F6688784}.Debug|x86.ActiveCfg = Debug|Win32
		{84D5F34A-D217-4E72-86FE-D099F6688784}.Debug|x86.Build.0 = Debug|Win32
		{84D5F34A-D217-4E72-86FE-D099F6688784}.Release|x64.ActiveCfg = Release|x64
		{84D5F34A-D217-4E72-86FE-D099F6688784}.Release|x64.Build.0 = Release|x64
		{84D5F34A-D217-4E72-86FE-D099F6688784}.Release|x86.ActiveCfg = Release|Win32
		{84D5F34A-D217-4E72-86FE-D099F6688784}.Release|x86.Build.0 = Release|Win32
		{D22BC062-96D1-4158-BF6E-F46434FE34F0}.Debug|x64.ActiveCfg = Debug|x64
		{D22BC062-96D1-4158-BF6E-F46434FE34F0}.Debug|x64.Build.0 = Debug|x64
		{D22BC062-96D1-4158-BF6E-F46434FE34F0}.Debug|x86.ActiveCfg = Debug|Win32
		{D22BC062-96D1-4158-BF6E-F46434FE34F0}.Debug|x86.Build.0 = Debug|Win32
		{D22BC062-96D1-4158-BF6E-F46434FE34F0}.Release|x64.ActiveCfg = Release|x64
		{D22BC062-96D1-4158-BF6E-F46434FE34F0}.Release|x64.Build.0 = Release|x64
		{D22BC062-96D1-4158-BF6E-F46434FE34F0}.Release|x86.ActiveCfg = Release|Win32
		{D22BC062-96D1-4158-BF6E-F46434FE34F0}.Release|x86.Build.0 = Release|Win32
		{DC8167B9-0443-4CD6-B8D0-C2F57C3C81E9}.Debug|x64.ActiveCfg = Debug|x64
		{DC8167B9-0443-4CD6-B8D0-C2F57C3C81E9}.Debug|x64.Build.0 = Debug|x64
		{DC8167B9-0443-4CD6-B8D0-C2F57C3C81E9}.Debug|x86.ActiveCfg = Debug|Win32
		{DC8167B9-0443-4CD6-B8D0-C2F57C3C81E9}.Debug|x86.Build.0 = Debug|Win32
		{DC8167B9-0443-4CD6-B8D0-C2F57C3C81E9}.Release|x64.ActiveCfg = Release|x64
		{DC8167B9-0443-4CD6-B8D0-C2F57C3C81E9}.Release|x64.Build.0 = Release|x64
		{DC8167B9-0443-4CD6-B8D0-C2F57C3C81E9}.Release|x86.ActiveCfg = Release|Win32
		{DC8167B9-0443-4CD6-B8D0-C2F57C3C81E9}.Release|x86.Build.0 = Release|Win32
		{6D4C478C-697D-4382-A95F-350651081ED3}.Debug|x64.ActiveCfg = Debug|x64
		{6D4C478C-697D-4382-A95F-350651081ED3}.Debug|x64.Build.0 = Debug|x64
		{6D4C478C-697D-4382-A95F-350651081ED3}.Debug|x86.ActiveCfg = Debug|Win32
		{6D4C478C-697D-4382-A95F-350651081ED3}.Debug|x86.Build.0 = Debug|Win32
		{6D4C478C-697D-4382-A95F-350651081ED3}.Release|x64.ActiveCfg = Release|x64
		{6D4C478C-697D-4382-A95F-350651081ED3}.Release|x64.Build.0 = Release|x64
		{6D4C478C-697D-4382-A95F-350651081ED3}.Release|x86.ActiveCfg = Release|Win32
		{6D4C478C-697D-4382-A95F-350651081ED3}.Release|x86.Build.0 = Release|Win32
		{640A4EE6-1968-4C25-A6EA-701300FDB891}.Debug|x64.ActiveCfg = Debug|x64
		{640A4EE6-1968-4C25-A6EA-701300FDB891}.Debug|x64.Build.0 = Debug|x64
		{640A4EE6-1968-4C25-A6EA-701300FDB891}.Debug|x86.ActiveCfg = Debug|Win32
		{640A4EE6-1968-4C25-A6EA-701300FDB891}.Debug|x86.Build.0 = Debug|Win32
		{640A4EE6-1968-4C25-A6EA-701300FDB891}.Release|x64.ActiveCfg = Release|x64
		{640A4EE6-1968-4C25-A6EA-701300FDB891}.Release|x64.Build.0 = Release|x64
		{640A4EE6-1968-4C25-A6EA-701300FDB891}.Release|x86.ActiveCfg = Release|Win32
		{640A4EE6-1968-4C25-A6EA-701300FDB891}.Release|x86.Build.0 = Release|Win32
		{1FBE6E07-71F9-4DD3-9B1E-11EFAE2F4A58}.Debug|x64.ActiveCfg = Debug|x64
		{1FBE6E07-71F9-4DD3-9B1E-11EFAE2F4A58}.Debug|x64.Build.0 = Debug|x64
		{1FBE6E07-71F9-4DD3-9B1E-11EFAE2F4A58}.Debug|x86.ActiveCfg = Debug|Win32
		{1FBE6E07-71F9-4DD3-9B1E-11EFAE2F4A58}.Debug|x86.Build.0 = Debug|Win32
		{1FBE6E07-71F9-4DD3-9B1E-11EFAE2F4A58}.Release|x64.ActiveCfg = Release|x64
		{1FBE6E07-71F9-4DD3-9B1E-11EFAE2F4A58}.Release|x64.Build.0 = Release|x64
		{1FBE6E07-71F9-4DD3-9B1E-11EFAE2F4A58}.Release|x86.ActiveCfg = Release|Win32
		{1FBE6E07-71F9-4DD3-9B1E-11EFAE2F4A58}.Release|x86.Build.0 = Release|Win32
		{950C8362-0982-4460-9957-3391B7449ADF}.Debug|x64.ActiveCfg = Debug|x64
		{950C8362-0982-4460-9957-3391B7449ADF}.Debug|x64.Build.0 = Debug|x64
		{950C8362-0982-4460-9957-3391B7449ADF}.Debug|x86.ActiveCfg = Debug|Win32
		{950C8362-0982-4460-9957-3391B7449ADF}.Debug|x86.Build.0 = Debug|Win32
		{950C8362-0982-4460-9957-3391B7449ADF}.Release|x64.ActiveCfg = Release|x64
		{950C8362-0982-4460-9957-3391B7449ADF}.Release|x64.Build.0 = Release|x64
		{950C8362-0982-4460-9957-3391B7449ADF}.Release|x86.ActiveCfg = Release|Win32
		{950C8362-0982-4460-9957-3391B7449ADF}.Release|x86.Build.0 = Release|Win32
		{F325870F-37B0-4F07-BF05-A8E93AE5F23F}.Debug|x64.ActiveCfg = Debug|x64
		{F325870F-37B0-4F07-BF05-A8E93AE5F23F}.Debug|x64.Build.0 = Debug|x64
		{F325870F-37B0-4F07-BF05-A8E93AE5F23F}.Debug|x86.ActiveCfg = Debug|Win32
		{F325870F-37B0-4F07-BF05-A8E93AE5F23F}.Debug|x86.Build.0 = Debug|Win32
		{F325870F-37B0-4F07-BF05-A8E93AE5F23F}.Release|x64.ActiveCfg = Release|x64
		{F325870F-37B0-4F07-BF05-A8E93AE5F23F}.Release|x64.Build.0 = Release|x64
		{F325870F-37B0-4F07-BF05-A8E93AE5F23F}.Release|x86.ActiveCfg = Release|Win32
		{F325870F-37B0-4F07-BF05-A8E93AE5F23F}.Release|x86.Build.0 = Release|Win32
		{84D4D540-920C-4DD8-9BEA-81512509391B}.Debug|x64.ActiveCfg = Debug|x64
		{84D4D540-920C-4DD8-9BEA-81512509391B}.Debug|x64.Build.0 = Debug|x64
		{84D4D540-920C-4DD8-9BEA-81512509391B}.Debug|x86.ActiveCfg = Debug|Win32
		{84D4D540-920C-4DD8-9BEA-81512509391B}.Debug|x86.Build.0 = Debug|Win32
		{84D4D540-920C-4DD8-9BEA-81512509391B}.Release|x64.ActiveCfg = Release|x64
		{84D4D540-920C-4DD8-9BEA-81512509391B}.Release|x64.Build.0 = Release|x64
		{84D4D540-920C-4DD8-9BEA-81512509391B}.Release|x86.ActiveCfg = Release|Win32
		{84D4D540-920C-4DD8-9BEA-81512509391B}.Release|x86.Build.0 = Release|Win32
		{67F7F256-838D-4877-8715-ACC90F38DA7D}.Debug|x64.ActiveCfg = Debug|x64
		{67F7F256-838D-4877-8715-ACC90F38DA7D}.Debug|x64.Build.0 = Debug|x64
		{67F7F256-838D-4877-8715-ACC90F38DA7D}.Debug|x86.ActiveCfg = Debug|Win32
		{67F7F256-838D-4877-8715-ACC90F38DA7D}.Debug|x86.Build.0 = Debug|Win32
		{67F7F256-838D-4877-8715-ACC90F38DA7D}.Release|x64.ActiveCfg = Release|x64
		{67F7F256-838D-4877-8715-ACC90F38DA7D}.Release|x64.Build.0 = Release|x64
		{67F7F256-838D-4877-8715-ACC90F38DA7D}.Release|x86.ActiveCfg = Release|Win32
		{67F7F256-838D-4877-8715-ACC90F38DA7D}.Release|x86.Build.0 = Release|Win32
		{2BCBE622-BE79-4BB8-9A7B-B61C7875D0DA}.Debug|x64.ActiveCfg = Debug|x64
		{2BCBE622-BE79-4BB8-9A7B-B61C7875D0DA}.Debug|x64.Build.0 = Debug|x64
		{2BCBE622-BE79-4BB8-9A7B-B61C7875D0DA}.Debug|x86.ActiveCfg = Debug|Win32
		{2BCBE622-BE79-4BB8-9A7B-B61C7875D0DA}.Debug|x86.Build.0 = Debug|Win32
		{2BCBE622-BE79-4BB8-9A7B-B61C7875D0DA}.Release|x64.ActiveCfg = Release|x64
		{2BCBE622-BE79-4BB8-9A7B-B61C7875D0DA}.Release|x64.Build.0 = Release|x64
		{2BCBE622-BE79-4BB8-9A7B-B61C7875D0DA}.Release|x86.ActiveCfg = Release|Win32
		{2BCBE622-BE79-4BB8-9A7B-B61C7875D0DA}.Release|x86.Build.0 = Release|Win32
		{ECB6FA51-DE6C-4924-867B-7F44D27D871E}.Debug|x64.ActiveCfg = Debug|x64
		{ECB6FA51-DE6C-4924-867B-7F44D27D871E}.Debug|x64.Build.0 = Debug|x64
		{ECB6FA51-DE6C-4924-867B-7F44D27D871E}.Debug|x86.ActiveCfg = Debug|Win32
		{ECB6FA51-DE6C-4924-867B-7F44D27D871E}.Debug|x86.Build.0 = Debug|Win32
		{ECB6FA51-DE6C-4924-867B-7F44D27D871E}.Release|x64.ActiveCfg = Release|x64
		{ECB6FA51-DE6C-4924-867B-7F44D27D871E}.Release|x64.Build.0 = Release|x64
		{ECB6FA51-DE6C-4924-867B-7F44D27D871E}.Release|x86.ActiveCfg = Release|Win32
		{ECB6FA51-DE6C-4924-867B-7F44D27D871E}.Release|x86.Build.0 = Release|Win32
		{3E3A98C6-6076-43E0-9B9C-F3A019B34107}.Debug|x64.ActiveCfg = Debug|x64
		{3E3A98C6-6076-43E0-9B9C-F3A019B34107}.Debug|x64.Build.0 = Debug|x64
		{3E3A98C6-6076-43E0-9B9C-F3A019B34107}.Debug|x86.ActiveCfg = Debug|Win32
		{3E3A98C6-6076-43E0-9B9C-F3A019B34107}.Debug|x86.Build.0 = Debug|Win32
		{3E3A98C6-6076-43E0-9B9C-F3A019B34107}.Release|x64.ActiveCfg = Release|x64
		{3E3A98C6-6076-43E0-9B9C-F3A019B34107}.Release|x64.Build.0 = Release|x64
		{3E3A98C6-6076-43E0-9B9C-F3A019B34107}.Release|x86.ActiveCfg = Release|Win32
		{3E3A98C6-6076-43E0-9B9C-F3A019B34107}.Release|x86.Build.0 = Release|Win32
		{DC42C152-BB6A-4695-A5C4-010EAC6F3BC5}.Debug|x64.ActiveCfg = Debug|x64
		{DC42C152-BB6A-4695-A5C4-010EAC6F3BC5}.Debug|x64.Build.0 = Debug|x64
		{DC42C152-BB6A-4695-A5C4-010EAC6F3BC5}.Debug|x86.ActiveCfg = Debug|Win32
		{DC42C152-BB6A-4695-A5C4-010EAC6F3BC5}.Debug|x86.Build.0 = Debug|Win32
		{DC42C152-BB6A-4695-A5C4-010EAC6F3BC5}.Release|x64.ActiveCfg = Release|x64
		{DC42C152-BB6A-4695-A5C4-010EAC6F3BC5}.Release|x64.Build.0 = Release|x64
		{DC42C152-BB6A-4695-A5C4-010EAC6F3BC5}.Release|x86.ActiveCfg = Release|Win32
		{DC42C152-BB6A-4695-A5C4-010EAC6F3BC5}.Release|x86.Build.0 = Release|Win32
		{CDCB331C-84ED-4321-AD4C-CC936A03EB7F}.Debug|x64.ActiveCfg = Debug|x64
		{CDCB331C-84ED-4321-AD4C-CC936A03EB7F}.Debug|x64.Build.0 = Debug|x64
		{CDCB331C-84ED-4321-AD4C-CC936A03EB7F}.Debug|x86.ActiveCfg = Debug|Win32
		{CDCB331C-84ED-4321-AD4C-CC936A03EB7F}.Debug|x86.Build.0 = Debug|Win32
		{CDCB331C-84ED-4321-AD4C-CC936A03EB7F}.Release|x64.ActiveCfg = Release|x64
		{CDCB331C-84ED-4321-AD4C-CC936A03EB7F}.Release|x64.Build.0 = Release|x64
		{CDCB331C-84ED-4321-AD4C-CC936A03EB7F}.Release|x86.ActiveCfg = Release|Win32
		{CDCB331C-84ED-4321-AD4C-CC936A03EB7F}.Release|x86.Build.0 = Release|Win32
		{2C2E07CF-FF5D-4D65-BE21-96D1C7682F3C}.Debug|x64.ActiveCfg = Debug|x64
		{2C2E07CF-FF5D-4D65-BE21-96D1C7682F3C}.Debug|x64.Build.0 = Debug|x64
		{2C2E07CF-FF5D-4D65-BE21-96D1C7682F3C}.Debug|x86.ActiveCfg = Debug|Win32
		{2C2E07CF-FF5D-4D65-BE21-96D1C7682F3C}.Debug|x86.Build.0 = Debug|Win32
		{2C2E07CF-FF5D-4D65-BE21-96D1C7682F3C}.Release|x64.ActiveCfg = Release|x64
		{2C2E07CF-FF5D-4D65-BE21-96D1C7682F3C}.Release|x64.Build.0 = Release|x64
		{2C2E07CF-FF5D-4D65-BE21-96D1C7682F3C}.Release|x86.ActiveCfg = Release|Win32
		{2C2E07CF-FF5D-4D65-BE21-96D1C7682F3C}.Release|x86.Build.0 = Release|Win32
		{86D8604B-4C99-4DFC-B2D4-D4AFB408C5CA}.Debug|x64.ActiveCfg = Debug|x64
		{86D8604B-4C99-4DFC-B2D4-D4AFB408C5CA}.Debug|x64.Build.0 = Debug|x64
		{86D8604B-4C99-4DFC-B2D4-D4AFB408C5CA}.Debug|x86.ActiveCfg = Debug|Win32
		{86D8604B-4C99-4DFC-B2D4-D4AFB408C5CA}.Debug|x86.Build.0 = Debug|Win32
		{86D8604B-4C99-4DFC-B2D4-D4AFB408C5CA}.Release|x64.ActiveCfg = Release|x64
		{86D8604B-4C99-4DFC-B2D4-D4AFB408C5CA}.Release|x64.Build.0 = Release|x64
		{86D8604B-4C99-4DFC-B2D4-D4AFB408C5CA}.Release|x86.ActiveCfg = Release|Win32
		{86D8604B-4C99-4DFC-B2D4-D4AFB408C5CA}.Release|x86.Build.0 = Release|Win32
		{A9E29FAA-784B-45AE-B792-7E77DF5A77B2}.Debug|x64.ActiveCfg = Debug|x64
		{A9E29FAA-784B-45AE-B792-7E77DF5A77B2}.Debug|x64.Build.0 = Debug|x64
		{A9E29FAA-784B-45AE-B792-7E77DF5A77B2}.Debug|x86.ActiveCfg = Debug|Win32
		{A9E29FAA-784B-45AE-B792-7E77DF5A77B2}.Debug|x86.Build.0 = Debug|Win32
		{A9E29FAA-784B-45AE-B792-7E77DF5A77B2}.Release|x64.ActiveCfg = Release|x64
		{A9E29FAA-784B-45AE-B792-7E77DF5A77B2}.Release|x64.Build.0 = Release|x64
		{A9E29FAA-784B-45AE-B792-7E77DF5A77B2}.Release|x86.ActiveCfg = Release|Win32
		{A9E29FAA-784B-45AE-B792-7E77DF5A77B2}.Release|x86.Build.0 = Release|Win32
		{25C68BF5-101F-4CB5-907B-A5E2AC012815}.Debug|x64.ActiveCfg = Debug|x64
		{25C68BF5-101F-4CB5-907B-A5E2AC012815}.Debug|x64.Build.0 = Debug|x64
		{25C68BF5-101F-4CB5-907B-A5E2AC012815}.Debug|x86.ActiveCfg = Debug|Win32
		{25C68BF5-101F-4CB5-907B-A5E2AC012815}.Debug|x86.Build.0 = Debug|Win32
		{25C68BF5-101F-4CB5-907B-A5E2AC012815}.Release|x64.ActiveCfg = Release|x64
		{25C68BF5-101F-4CB5-907B-A5E2AC012815}.Release|x64.Build.0 = Release|x64
		{25C68BF5-101F-4CB5-907B-A5E2AC012815}.Release|x86.ActiveCfg = Release|Win32
		{25C68BF5-101F-4CB5-907B-A5E2AC012815}.Release|x86.Build.0 = Release|Win32
		{780A0FA1-4C78-4AB6-8166-938214A6A982}.Debug|x64.ActiveCfg = Debug|x64
		{780A0FA1-4C78-4AB6-8166-938214A6A982}.Debug|x64.Build.0 = Debug|x64
		{780A0FA1-4C78-4AB6-8166-938214A6A982}.Debug|x86.ActiveCfg = Debug|Win32
		{780A0FA1-4C78-4AB6-8166-938214A6A982}.Debug|x86.Build.0 = Debug|Win32
		{780A0FA1-4C78-4AB6-8166-938214A6A982}.Release|x64.ActiveCfg = Release|x64
		{780A0FA1-4C78-4AB6-8166-938214A6A982}.Release|x64.Build.0 = Release|x64
		{780A0FA1-4C78-4AB6-8166-938214A6A982}.Release|x86.ActiveCfg = Release|Win32
		{780A0FA1-4C78-4AB6-8166-938214A6A982}.Release|x86.Build.0 = Release|Win32
		{DC535DB9-C67B-4690-AE7F-E843B071E8D2}.Debug|x64.ActiveCfg = Debug|x64
		{DC535DB9-C67B-4690-AE7F-E843B071E8D2}.Debug|x64.Build.0 = Debug|x64
		{DC535DB9-C67B-4690-AE7F-E843B071E8D2}.Debug|x86.ActiveCfg = Debug|Win32
		{DC535DB9-C67B-4690-AE7F-E843B071E8D2}.Debug|x86.Build.0 = Debug|Win32
		{DC535DB9-C67B-4690-AE7F-E843B071E8D2}.Release|x64.ActiveCfg = Release|x64
		{DC535DB9-C67B-4690-AE7F-E843B071E8D2}.Release|x64.Build.0 = Release|x64
		{DC535DB9-C67B-4690-AE7F-E843B071E8D2}.Release|x86.ActiveCfg = Release|Win32
		{DC535DB9-C67B-4690-AE7F-E843B071E8D2}.Release|x86.Build.0 = Release|Win32
		{04B7FCE4-A9DE-40F7-B1E2-CD4771664AF9}.Debug|x64.ActiveCfg = Debug|x64
		{04B7FCE4-A9DE-40F7-B1E2-CD4771664AF9}.Debug|x64.Build.0 = Debug|x64
		{04B7FCE4-A9DE-40F7-B1E2-CD4771664AF9}.Debug|x86.ActiveCfg = Debug|Win32
		{04B7FCE4-A9DE-40F7-B1E2-CD4771664AF9}.Debug|x86.Build.0 = Debug|Win32
		{04B7FCE4-A9DE-40F7-B1E2-CD4771664AF9}.Release|x64.ActiveCfg = Release|x64
		{04B7FCE4-A9DE-40F7-B1E2-CD4771664AF9}.Release|x64.Build.0 = Release|x64
		{04B7FCE4-A9DE-40F7-B1E2-CD4771664AF9}.Release|x86.ActiveCfg = Release|Win32
		{04B7FCE4-A9DE-40F7-B1E2-CD4771664AF9}.Release|x86.Build.0 = Release|Win32
	EndGlobalSection
	GlobalSection(SolutionProperties) = preSolution
		HideSolutionNode = FALSE
	EndGlobalSection
	GlobalSection(ExtensibilityGlobals) = postSolution
		SolutionGuid = {E772C431-D256-477C-9C6C-27A263AD8304}
	EndGlobalSection
EndGlobal
