
Microsoft Visual Studio Solution File, Format Version 12.00
# Visual Studio 15
VisualStudioVersion = 15.0.27703.2000
MinimumVisualStudioVersion = 10.0.40219.1
Project("{8BC9CEB8-8B4A-11D0-8D11-00A0C91BC942}") = "2557. Hello World", "2557. Hello World\2557. Hello World.vcxproj", "{7F161108-B13D-4846-BAA3-80B5DC55DAA1}"
EndProject
Project("{8BC9CEB8-8B4A-11D0-8D11-00A0C91BC942}") = "10000.  A+B", "10000.  A+B\10000.  A+B.vcxproj", "{3FF124A8-0547-464D-9FE9-037BFE97478E}"
EndProject
Project("{8BC9CEB8-8B4A-11D0-8D11-00A0C91BC942}") = "10001. A-B", "10001. A-B\10001. A-B.vcxproj", "{C3B50E94-308D-4BA0-B888-50BD4337D9FB}"
EndProject
Project("{8BC9CEB8-8B4A-11D0-8D11-00A0C91BC942}") = "7287. 등록", "7287. 등록\7287. 등록.vcxproj", "{8664E4CC-63DA-4EB1-B5B3-B6D9687B627E}"
EndProject
Project("{8BC9CEB8-8B4A-11D0-8D11-00A0C91BC942}") = "10172. 개", "10172. 개\10172. 개.vcxproj", "{7BA85702-CB21-4E3B-B9FA-BFE883734AA2}"
EndProject
Project("{8BC9CEB8-8B4A-11D0-8D11-00A0C91BC942}") = "10718. We love kriii", "10718. We love kriii\10718. We love kriii.vcxproj", "{6E382D08-4AE5-41FF-8C19-83AAF103B234}"
EndProject
Project("{8BC9CEB8-8B4A-11D0-8D11-00A0C91BC942}") = "11718. 그대로 출력하기", "11718. 그대로 출력하기\11718. 그대로 출력하기.vcxproj", "{BD887C50-02C2-4505-9373-EA8F90396C8F}"
EndProject
Project("{8BC9CEB8-8B4A-11D0-8D11-00A0C91BC942}") = "11719. 그대로 출력하기 2", "11719. 그대로 출력하기 2\11719. 그대로 출력하기 2.vcxproj", "{B7162A78-020F-4CCD-99E9-79A95A7ED33B}"
EndProject
Global
	GlobalSection(SolutionConfigurationPlatforms) = preSolution
		Debug|x64 = Debug|x64
		Debug|x86 = Debug|x86
		Release|x64 = Release|x64
		Release|x86 = Release|x86
	EndGlobalSection
	GlobalSection(ProjectConfigurationPlatforms) = postSolution
		{7F161108-B13D-4846-BAA3-80B5DC55DAA1}.Debug|x64.ActiveCfg = Debug|x64
		{7F161108-B13D-4846-BAA3-80B5DC55DAA1}.Debug|x64.Build.0 = Debug|x64
		{7F161108-B13D-4846-BAA3-80B5DC55DAA1}.Debug|x86.ActiveCfg = Debug|Win32
		{7F161108-B13D-4846-BAA3-80B5DC55DAA1}.Debug|x86.Build.0 = Debug|Win32
		{7F161108-B13D-4846-BAA3-80B5DC55DAA1}.Release|x64.ActiveCfg = Release|x64
		{7F161108-B13D-4846-BAA3-80B5DC55DAA1}.Release|x64.Build.0 = Release|x64
		{7F161108-B13D-4846-BAA3-80B5DC55DAA1}.Release|x86.ActiveCfg = Release|Win32
		{7F161108-B13D-4846-BAA3-80B5DC55DAA1}.Release|x86.Build.0 = Release|Win32
		{3FF124A8-0547-464D-9FE9-037BFE97478E}.Debug|x64.ActiveCfg = Debug|x64
		{3FF124A8-0547-464D-9FE9-037BFE97478E}.Debug|x64.Build.0 = Debug|x64
		{3FF124A8-0547-464D-9FE9-037BFE97478E}.Debug|x86.ActiveCfg = Debug|Win32
		{3FF124A8-0547-464D-9FE9-037BFE97478E}.Debug|x86.Build.0 = Debug|Win32
		{3FF124A8-0547-464D-9FE9-037BFE97478E}.Release|x64.ActiveCfg = Release|x64
		{3FF124A8-0547-464D-9FE9-037BFE97478E}.Release|x64.Build.0 = Release|x64
		{3FF124A8-0547-464D-9FE9-037BFE97478E}.Release|x86.ActiveCfg = Release|Win32
		{3FF124A8-0547-464D-9FE9-037BFE97478E}.Release|x86.Build.0 = Release|Win32
		{C3B50E94-308D-4BA0-B888-50BD4337D9FB}.Debug|x64.ActiveCfg = Debug|x64
		{C3B50E94-308D-4BA0-B888-50BD4337D9FB}.Debug|x64.Build.0 = Debug|x64
		{C3B50E94-308D-4BA0-B888-50BD4337D9FB}.Debug|x86.ActiveCfg = Debug|Win32
		{C3B50E94-308D-4BA0-B888-50BD4337D9FB}.Debug|x86.Build.0 = Debug|Win32
		{C3B50E94-308D-4BA0-B888-50BD4337D9FB}.Release|x64.ActiveCfg = Release|x64
		{C3B50E94-308D-4BA0-B888-50BD4337D9FB}.Release|x64.Build.0 = Release|x64
		{C3B50E94-308D-4BA0-B888-50BD4337D9FB}.Release|x86.ActiveCfg = Release|Win32
		{C3B50E94-308D-4BA0-B888-50BD4337D9FB}.Release|x86.Build.0 = Release|Win32
		{8664E4CC-63DA-4EB1-B5B3-B6D9687B627E}.Debug|x64.ActiveCfg = Debug|x64
		{8664E4CC-63DA-4EB1-B5B3-B6D9687B627E}.Debug|x64.Build.0 = Debug|x64
		{8664E4CC-63DA-4EB1-B5B3-B6D9687B627E}.Debug|x86.ActiveCfg = Debug|Win32
		{8664E4CC-63DA-4EB1-B5B3-B6D9687B627E}.Debug|x86.Build.0 = Debug|Win32
		{8664E4CC-63DA-4EB1-B5B3-B6D9687B627E}.Release|x64.ActiveCfg = Release|x64
		{8664E4CC-63DA-4EB1-B5B3-B6D9687B627E}.Release|x64.Build.0 = Release|x64
		{8664E4CC-63DA-4EB1-B5B3-B6D9687B627E}.Release|x86.ActiveCfg = Release|Win32
		{8664E4CC-63DA-4EB1-B5B3-B6D9687B627E}.Release|x86.Build.0 = Release|Win32
		{7BA85702-CB21-4E3B-B9FA-BFE883734AA2}.Debug|x64.ActiveCfg = Debug|x64
		{7BA85702-CB21-4E3B-B9FA-BFE883734AA2}.Debug|x64.Build.0 = Debug|x64
		{7BA85702-CB21-4E3B-B9FA-BFE883734AA2}.Debug|x86.ActiveCfg = Debug|Win32
		{7BA85702-CB21-4E3B-B9FA-BFE883734AA2}.Debug|x86.Build.0 = Debug|Win32
		{7BA85702-CB21-4E3B-B9FA-BFE883734AA2}.Release|x64.ActiveCfg = Release|x64
		{7BA85702-CB21-4E3B-B9FA-BFE883734AA2}.Release|x64.Build.0 = Release|x64
		{7BA85702-CB21-4E3B-B9FA-BFE883734AA2}.Release|x86.ActiveCfg = Release|Win32
		{7BA85702-CB21-4E3B-B9FA-BFE883734AA2}.Release|x86.Build.0 = Release|Win32
		{6E382D08-4AE5-41FF-8C19-83AAF103B234}.Debug|x64.ActiveCfg = Debug|x64
		{6E382D08-4AE5-41FF-8C19-83AAF103B234}.Debug|x64.Build.0 = Debug|x64
		{6E382D08-4AE5-41FF-8C19-83AAF103B234}.Debug|x86.ActiveCfg = Debug|Win32
		{6E382D08-4AE5-41FF-8C19-83AAF103B234}.Debug|x86.Build.0 = Debug|Win32
		{6E382D08-4AE5-41FF-8C19-83AAF103B234}.Release|x64.ActiveCfg = Release|x64
		{6E382D08-4AE5-41FF-8C19-83AAF103B234}.Release|x64.Build.0 = Release|x64
		{6E382D08-4AE5-41FF-8C19-83AAF103B234}.Release|x86.ActiveCfg = Release|Win32
		{6E382D08-4AE5-41FF-8C19-83AAF103B234}.Release|x86.Build.0 = Release|Win32
		{BD887C50-02C2-4505-9373-EA8F90396C8F}.Debug|x64.ActiveCfg = Debug|x64
		{BD887C50-02C2-4505-9373-EA8F90396C8F}.Debug|x64.Build.0 = Debug|x64
		{BD887C50-02C2-4505-9373-EA8F90396C8F}.Debug|x86.ActiveCfg = Debug|Win32
		{BD887C50-02C2-4505-9373-EA8F90396C8F}.Debug|x86.Build.0 = Debug|Win32
		{BD887C50-02C2-4505-9373-EA8F90396C8F}.Release|x64.ActiveCfg = Release|x64
		{BD887C50-02C2-4505-9373-EA8F90396C8F}.Release|x64.Build.0 = Release|x64
		{BD887C50-02C2-4505-9373-EA8F90396C8F}.Release|x86.ActiveCfg = Release|Win32
		{BD887C50-02C2-4505-9373-EA8F90396C8F}.Release|x86.Build.0 = Release|Win32
		{B7162A78-020F-4CCD-99E9-79A95A7ED33B}.Debug|x64.ActiveCfg = Debug|x64
		{B7162A78-020F-4CCD-99E9-79A95A7ED33B}.Debug|x64.Build.0 = Debug|x64
		{B7162A78-020F-4CCD-99E9-79A95A7ED33B}.Debug|x86.ActiveCfg = Debug|Win32
		{B7162A78-020F-4CCD-99E9-79A95A7ED33B}.Debug|x86.Build.0 = Debug|Win32
		{B7162A78-020F-4CCD-99E9-79A95A7ED33B}.Release|x64.ActiveCfg = Release|x64
		{B7162A78-020F-4CCD-99E9-79A95A7ED33B}.Release|x64.Build.0 = Release|x64
		{B7162A78-020F-4CCD-99E9-79A95A7ED33B}.Release|x86.ActiveCfg = Release|Win32
		{B7162A78-020F-4CCD-99E9-79A95A7ED33B}.Release|x86.Build.0 = Release|Win32
	EndGlobalSection
	GlobalSection(SolutionProperties) = preSolution
		HideSolutionNode = FALSE
	EndGlobalSection
	GlobalSection(ExtensibilityGlobals) = postSolution
		SolutionGuid = {E772C431-D256-477C-9C6C-27A263AD8304}
	EndGlobalSection
EndGlobal
